// !$*UTF8*$!
{
	archiveVersion = 1;
	classes = {
	};
	objectVersion = 56;
	objects = {

/* Begin PBXBuildFile section */
		0911CAE62E7AA40A007AC615 /* RijksmuseumAHApp.swift in Sources */ = {isa = PBXBuildFile; fileRef = 0911CAE52E7AA40A007AC615 /* RijksmuseumAHApp.swift */; };
		0911CAE82E7AA40A007AC615 /* ContentView.swift in Sources */ = {isa = PBXBuildFile; fileRef = 0911CAE72E7AA40A007AC615 /* ContentView.swift */; };
		0911CAEA2E7AA40C007AC615 /* Assets.xcassets in Resources */ = {isa = PBXBuildFile; fileRef = 0911CAE92E7AA40C007AC615 /* Assets.xcassets */; };
		0911CAED2E7AA40C007AC615 /* Preview Assets.xcassets in Resources */ = {isa = PBXBuildFile; fileRef = 0911CAEC2E7AA40C007AC615 /* Preview Assets.xcassets */; };
		0911CB012E7AA40C007AC615 /* RijksmuseumAHUITests.swift in Sources */ = {isa = PBXBuildFile; fileRef = 0911CB002E7AA40C007AC615 /* RijksmuseumAHUITests.swift */; };
		0911CB032E7AA40C007AC615 /* RijksmuseumAHUITestsLaunchTests.swift in Sources */ = {isa = PBXBuildFile; fileRef = 0911CB022E7AA40C007AC615 /* RijksmuseumAHUITestsLaunchTests.swift */; };
		0911CB132E7AA64C007AC615 /* FailableDecodable.swift in Sources */ = {isa = PBXBuildFile; fileRef = 0911CB122E7AA64C007AC615 /* FailableDecodable.swift */; };
		0911CB162E7AA72E007AC615 /* ArtworkCollectionServicing.swift in Sources */ = {isa = PBXBuildFile; fileRef = 0911CB152E7AA72E007AC615 /* ArtworkCollectionServicing.swift */; };
		0911CB192E7AA751007AC615 /* ArtworkCollection.swift in Sources */ = {isa = PBXBuildFile; fileRef = 0911CB182E7AA751007AC615 /* ArtworkCollection.swift */; };
		0911CB1B2E7AA76B007AC615 /* ArtworkNextCollection.swift in Sources */ = {isa = PBXBuildFile; fileRef = 0911CB1A2E7AA76B007AC615 /* ArtworkNextCollection.swift */; };
		0911CB1D2E7AA782007AC615 /* ArtworkNextCollectionType.swift in Sources */ = {isa = PBXBuildFile; fileRef = 0911CB1C2E7AA782007AC615 /* ArtworkNextCollectionType.swift */; };
		0911CB1F2E7AA801007AC615 /* ArtworkItem.swift in Sources */ = {isa = PBXBuildFile; fileRef = 0911CB1E2E7AA801007AC615 /* ArtworkItem.swift */; };
		0911CB212E7AA82A007AC615 /* ArtworkItemType.swift in Sources */ = {isa = PBXBuildFile; fileRef = 0911CB202E7AA82A007AC615 /* ArtworkItemType.swift */; };
		0911CB232E7AA8EF007AC615 /* ArtworkCollectionService.swift in Sources */ = {isa = PBXBuildFile; fileRef = 0911CB222E7AA8EF007AC615 /* ArtworkCollectionService.swift */; };
		0911CB252E7AAA5B007AC615 /* ArtworkCollectionServiceFactory.swift in Sources */ = {isa = PBXBuildFile; fileRef = 0911CB242E7AAA5B007AC615 /* ArtworkCollectionServiceFactory.swift */; };
		0911CB292E7AAD7B007AC615 /* ArtworkDetails.swift in Sources */ = {isa = PBXBuildFile; fileRef = 0911CB282E7AAD7B007AC615 /* ArtworkDetails.swift */; };
		0911CB2B2E7AAD94007AC615 /* ArtworkIdentifier.swift in Sources */ = {isa = PBXBuildFile; fileRef = 0911CB2A2E7AAD94007AC615 /* ArtworkIdentifier.swift */; };
		0911CB2D2E7AADA5007AC615 /* ArtworkIdentifierType.swift in Sources */ = {isa = PBXBuildFile; fileRef = 0911CB2C2E7AADA5007AC615 /* ArtworkIdentifierType.swift */; };
		0911CB2F2E7AADB6007AC615 /* ArtworkShow.swift in Sources */ = {isa = PBXBuildFile; fileRef = 0911CB2E2E7AADB6007AC615 /* ArtworkShow.swift */; };
		0911CB312E7AADC4007AC615 /* ArtworkShowType.swift in Sources */ = {isa = PBXBuildFile; fileRef = 0911CB302E7AADC4007AC615 /* ArtworkShowType.swift */; };
		0911CB332E7AAF4F007AC615 /* ArtworkDetailsServicing.swift in Sources */ = {isa = PBXBuildFile; fileRef = 0911CB322E7AAF4F007AC615 /* ArtworkDetailsServicing.swift */; };
		0911CB352E7AAF5F007AC615 /* ArtworkDetailsService.swift in Sources */ = {isa = PBXBuildFile; fileRef = 0911CB342E7AAF5F007AC615 /* ArtworkDetailsService.swift */; };
		0911CB372E7AAF71007AC615 /* ArtworkDetailsServiceFactory.swift in Sources */ = {isa = PBXBuildFile; fileRef = 0911CB362E7AAF71007AC615 /* ArtworkDetailsServiceFactory.swift */; };
		0911CB3B2E7AB133007AC615 /* ArtworkShowDetails.swift in Sources */ = {isa = PBXBuildFile; fileRef = 0911CB3A2E7AB133007AC615 /* ArtworkShowDetails.swift */; };
		0911CB3D2E7AB144007AC615 /* ArtworkDigitalItemIdentifier.swift in Sources */ = {isa = PBXBuildFile; fileRef = 0911CB3C2E7AB144007AC615 /* ArtworkDigitalItemIdentifier.swift */; };
		0911CB3F2E7AB156007AC615 /* ArtworkDigitalItemIdentifierType.swift in Sources */ = {isa = PBXBuildFile; fileRef = 0911CB3E2E7AB156007AC615 /* ArtworkDigitalItemIdentifierType.swift */; };
		0911CB412E7AB361007AC615 /* ArtworkShowDetailsServicing.swift in Sources */ = {isa = PBXBuildFile; fileRef = 0911CB402E7AB361007AC615 /* ArtworkShowDetailsServicing.swift */; };
		0911CB432E7AB379007AC615 /* ArtworkShowDetailsService.swift in Sources */ = {isa = PBXBuildFile; fileRef = 0911CB422E7AB379007AC615 /* ArtworkShowDetailsService.swift */; };
		0911CB452E7AB38D007AC615 /* ArtworkShowDetailsServiceFactory.swift in Sources */ = {isa = PBXBuildFile; fileRef = 0911CB442E7AB38D007AC615 /* ArtworkShowDetailsServiceFactory.swift */; };
		0911CB572E7ABB61007AC615 /* ArtworkDigitalItem.swift in Sources */ = {isa = PBXBuildFile; fileRef = 0911CB562E7ABB61007AC615 /* ArtworkDigitalItem.swift */; };
		0911CB592E7ABB70007AC615 /* ArtworkDigitalItemAccessPoint.swift in Sources */ = {isa = PBXBuildFile; fileRef = 0911CB582E7ABB70007AC615 /* ArtworkDigitalItemAccessPoint.swift */; };
		0911CB5B2E7ABB81007AC615 /* ArtworkDigitalItemAccessPointType.swift in Sources */ = {isa = PBXBuildFile; fileRef = 0911CB5A2E7ABB81007AC615 /* ArtworkDigitalItemAccessPointType.swift */; };
		0911CB5D2E7ABBAA007AC615 /* ArtworkDigitalItemServicing.swift in Sources */ = {isa = PBXBuildFile; fileRef = 0911CB5C2E7ABBAA007AC615 /* ArtworkDigitalItemServicing.swift */; };
		0911CB5F2E7ABBBD007AC615 /* ArtworkDigitalItemService.swift in Sources */ = {isa = PBXBuildFile; fileRef = 0911CB5E2E7ABBBD007AC615 /* ArtworkDigitalItemService.swift */; };
		0911CB612E7ABBD4007AC615 /* ArtworkDigitalItemServiceFactory.swift in Sources */ = {isa = PBXBuildFile; fileRef = 0911CB602E7ABBD4007AC615 /* ArtworkDigitalItemServiceFactory.swift */; };
		0911CB642E7AC35F007AC615 /* ImageDownloading.swift in Sources */ = {isa = PBXBuildFile; fileRef = 0911CB632E7AC35F007AC615 /* ImageDownloading.swift */; };
		0911CB662E7AC368007AC615 /* ImageDownloader.swift in Sources */ = {isa = PBXBuildFile; fileRef = 0911CB652E7AC368007AC615 /* ImageDownloader.swift */; };
		0911CB682E7AC381007AC615 /* ImageDownloaderFactory.swift in Sources */ = {isa = PBXBuildFile; fileRef = 0911CB672E7AC381007AC615 /* ImageDownloaderFactory.swift */; };
		0911CB6C2E7ACD52007AC615 /* IIIFImageInfo.swift in Sources */ = {isa = PBXBuildFile; fileRef = 0911CB6B2E7ACD52007AC615 /* IIIFImageInfo.swift */; };
		0911CB6E2E7ACD5D007AC615 /* IIIFImageRegion.swift in Sources */ = {isa = PBXBuildFile; fileRef = 0911CB6D2E7ACD5D007AC615 /* IIIFImageRegion.swift */; };
		0911CB702E7ACD66007AC615 /* IIIFImageSize.swift in Sources */ = {isa = PBXBuildFile; fileRef = 0911CB6F2E7ACD66007AC615 /* IIIFImageSize.swift */; };
		0911CB722E7ACD6F007AC615 /* IIIFImageFormat.swift in Sources */ = {isa = PBXBuildFile; fileRef = 0911CB712E7ACD6F007AC615 /* IIIFImageFormat.swift */; };
		0911CB742E7ACD76007AC615 /* IIIFImageQuality.swift in Sources */ = {isa = PBXBuildFile; fileRef = 0911CB732E7ACD76007AC615 /* IIIFImageQuality.swift */; };
		0911CB762E7ACD80007AC615 /* IIIFImageDownloading.swift in Sources */ = {isa = PBXBuildFile; fileRef = 0911CB752E7ACD80007AC615 /* IIIFImageDownloading.swift */; };
		0911CB782E7ACD8A007AC615 /* IIIFImageDownloader.swift in Sources */ = {isa = PBXBuildFile; fileRef = 0911CB772E7ACD8A007AC615 /* IIIFImageDownloader.swift */; };
		0911CB7A2E7ACD95007AC615 /* IIIFImageDownloaderFactory.swift in Sources */ = {isa = PBXBuildFile; fileRef = 0911CB792E7ACD95007AC615 /* IIIFImageDownloaderFactory.swift */; };
		0911CB7D2E7ACE4B007AC615 /* IIIFImageURLBuilding.swift in Sources */ = {isa = PBXBuildFile; fileRef = 0911CB7C2E7ACE4B007AC615 /* IIIFImageURLBuilding.swift */; };
		0911CB812E7ACE6F007AC615 /* IIIFImageURLBuilder.swift in Sources */ = {isa = PBXBuildFile; fileRef = 0911CB802E7ACE6F007AC615 /* IIIFImageURLBuilder.swift */; };
		0911CBBF2E7AD4A1007AC615 /* NetworkServiceURLProtocol.swift in Sources */ = {isa = PBXBuildFile; fileRef = 0911CBBB2E7AD4A1007AC615 /* NetworkServiceURLProtocol.swift */; };
		0911CBC02E7AD4A1007AC615 /* NetworkServiceTargetURL.swift in Sources */ = {isa = PBXBuildFile; fileRef = 0911CBBD2E7AD4A1007AC615 /* NetworkServiceTargetURL.swift */; };
		0911CBC12E7AD4A1007AC615 /* NetworkServiceTargetURLBehaviour.swift in Sources */ = {isa = PBXBuildFile; fileRef = 0911CBBE2E7AD4A1007AC615 /* NetworkServiceTargetURLBehaviour.swift */; };
		0911CBC62E7AD896007AC615 /* ArtworkDetailsServiceTests.swift in Sources */ = {isa = PBXBuildFile; fileRef = 0911CBC52E7AD896007AC615 /* ArtworkDetailsServiceTests.swift */; };
		0911CBC82E7AD8A8007AC615 /* ArtworkCollectionServiceTests.swift in Sources */ = {isa = PBXBuildFile; fileRef = 0911CBC72E7AD8A8007AC615 /* ArtworkCollectionServiceTests.swift */; };
		0911CBCA2E7AD8CC007AC615 /* DefaultIIIFImageURLBuilderTests.swift in Sources */ = {isa = PBXBuildFile; fileRef = 0911CBC92E7AD8CC007AC615 /* DefaultIIIFImageURLBuilderTests.swift */; };
/* End PBXBuildFile section */

/* Begin PBXContainerItemProxy section */
		0911CAF32E7AA40C007AC615 /* PBXContainerItemProxy */ = {
			isa = PBXContainerItemProxy;
			containerPortal = 0911CADA2E7AA40A007AC615 /* Project object */;
			proxyType = 1;
			remoteGlobalIDString = 0911CAE12E7AA40A007AC615;
			remoteInfo = RijksmuseumAH;
		};
		0911CAFD2E7AA40C007AC615 /* PBXContainerItemProxy */ = {
			isa = PBXContainerItemProxy;
			containerPortal = 0911CADA2E7AA40A007AC615 /* Project object */;
			proxyType = 1;
			remoteGlobalIDString = 0911CAE12E7AA40A007AC615;
			remoteInfo = RijksmuseumAH;
		};
/* End PBXContainerItemProxy section */

/* Begin PBXFileReference section */
		0911CAE22E7AA40A007AC615 /* RijksmuseumAH.app */ = {isa = PBXFileReference; explicitFileType = wrapper.application; includeInIndex = 0; path = RijksmuseumAH.app; sourceTree = BUILT_PRODUCTS_DIR; };
		0911CAE52E7AA40A007AC615 /* RijksmuseumAHApp.swift */ = {isa = PBXFileReference; lastKnownFileType = sourcecode.swift; path = RijksmuseumAHApp.swift; sourceTree = "<group>"; };
		0911CAE72E7AA40A007AC615 /* ContentView.swift */ = {isa = PBXFileReference; lastKnownFileType = sourcecode.swift; path = ContentView.swift; sourceTree = "<group>"; };
		0911CAE92E7AA40C007AC615 /* Assets.xcassets */ = {isa = PBXFileReference; lastKnownFileType = folder.assetcatalog; path = Assets.xcassets; sourceTree = "<group>"; };
		0911CAEC2E7AA40C007AC615 /* Preview Assets.xcassets */ = {isa = PBXFileReference; lastKnownFileType = folder.assetcatalog; path = "Preview Assets.xcassets"; sourceTree = "<group>"; };
		0911CAF22E7AA40C007AC615 /* RijksmuseumAHTests.xctest */ = {isa = PBXFileReference; explicitFileType = wrapper.cfbundle; includeInIndex = 0; path = RijksmuseumAHTests.xctest; sourceTree = BUILT_PRODUCTS_DIR; };
		0911CAFC2E7AA40C007AC615 /* RijksmuseumAHUITests.xctest */ = {isa = PBXFileReference; explicitFileType = wrapper.cfbundle; includeInIndex = 0; path = RijksmuseumAHUITests.xctest; sourceTree = BUILT_PRODUCTS_DIR; };
		0911CB002E7AA40C007AC615 /* RijksmuseumAHUITests.swift */ = {isa = PBXFileReference; lastKnownFileType = sourcecode.swift; path = RijksmuseumAHUITests.swift; sourceTree = "<group>"; };
		0911CB022E7AA40C007AC615 /* RijksmuseumAHUITestsLaunchTests.swift */ = {isa = PBXFileReference; lastKnownFileType = sourcecode.swift; path = RijksmuseumAHUITestsLaunchTests.swift; sourceTree = "<group>"; };
		0911CB122E7AA64C007AC615 /* FailableDecodable.swift */ = {isa = PBXFileReference; lastKnownFileType = sourcecode.swift; path = FailableDecodable.swift; sourceTree = "<group>"; };
		0911CB152E7AA72E007AC615 /* ArtworkCollectionServicing.swift */ = {isa = PBXFileReference; lastKnownFileType = sourcecode.swift; path = ArtworkCollectionServicing.swift; sourceTree = "<group>"; };
		0911CB182E7AA751007AC615 /* ArtworkCollection.swift */ = {isa = PBXFileReference; lastKnownFileType = sourcecode.swift; path = ArtworkCollection.swift; sourceTree = "<group>"; };
		0911CB1A2E7AA76B007AC615 /* ArtworkNextCollection.swift */ = {isa = PBXFileReference; lastKnownFileType = sourcecode.swift; path = ArtworkNextCollection.swift; sourceTree = "<group>"; };
		0911CB1C2E7AA782007AC615 /* ArtworkNextCollectionType.swift */ = {isa = PBXFileReference; lastKnownFileType = sourcecode.swift; path = ArtworkNextCollectionType.swift; sourceTree = "<group>"; };
		0911CB1E2E7AA801007AC615 /* ArtworkItem.swift */ = {isa = PBXFileReference; lastKnownFileType = sourcecode.swift; path = ArtworkItem.swift; sourceTree = "<group>"; };
		0911CB202E7AA82A007AC615 /* ArtworkItemType.swift */ = {isa = PBXFileReference; lastKnownFileType = sourcecode.swift; path = ArtworkItemType.swift; sourceTree = "<group>"; };
		0911CB222E7AA8EF007AC615 /* ArtworkCollectionService.swift */ = {isa = PBXFileReference; lastKnownFileType = sourcecode.swift; path = ArtworkCollectionService.swift; sourceTree = "<group>"; };
		0911CB242E7AAA5B007AC615 /* ArtworkCollectionServiceFactory.swift */ = {isa = PBXFileReference; lastKnownFileType = sourcecode.swift; path = ArtworkCollectionServiceFactory.swift; sourceTree = "<group>"; };
		0911CB282E7AAD7B007AC615 /* ArtworkDetails.swift */ = {isa = PBXFileReference; lastKnownFileType = sourcecode.swift; path = ArtworkDetails.swift; sourceTree = "<group>"; };
		0911CB2A2E7AAD94007AC615 /* ArtworkIdentifier.swift */ = {isa = PBXFileReference; lastKnownFileType = sourcecode.swift; path = ArtworkIdentifier.swift; sourceTree = "<group>"; };
		0911CB2C2E7AADA5007AC615 /* ArtworkIdentifierType.swift */ = {isa = PBXFileReference; lastKnownFileType = sourcecode.swift; path = ArtworkIdentifierType.swift; sourceTree = "<group>"; };
		0911CB2E2E7AADB6007AC615 /* ArtworkShow.swift */ = {isa = PBXFileReference; lastKnownFileType = sourcecode.swift; path = ArtworkShow.swift; sourceTree = "<group>"; };
		0911CB302E7AADC4007AC615 /* ArtworkShowType.swift */ = {isa = PBXFileReference; lastKnownFileType = sourcecode.swift; path = ArtworkShowType.swift; sourceTree = "<group>"; };
		0911CB322E7AAF4F007AC615 /* ArtworkDetailsServicing.swift */ = {isa = PBXFileReference; lastKnownFileType = sourcecode.swift; path = ArtworkDetailsServicing.swift; sourceTree = "<group>"; };
		0911CB342E7AAF5F007AC615 /* ArtworkDetailsService.swift */ = {isa = PBXFileReference; lastKnownFileType = sourcecode.swift; path = ArtworkDetailsService.swift; sourceTree = "<group>"; };
		0911CB362E7AAF71007AC615 /* ArtworkDetailsServiceFactory.swift */ = {isa = PBXFileReference; lastKnownFileType = sourcecode.swift; path = ArtworkDetailsServiceFactory.swift; sourceTree = "<group>"; };
		0911CB3A2E7AB133007AC615 /* ArtworkShowDetails.swift */ = {isa = PBXFileReference; lastKnownFileType = sourcecode.swift; path = ArtworkShowDetails.swift; sourceTree = "<group>"; };
		0911CB3C2E7AB144007AC615 /* ArtworkDigitalItemIdentifier.swift */ = {isa = PBXFileReference; lastKnownFileType = sourcecode.swift; path = ArtworkDigitalItemIdentifier.swift; sourceTree = "<group>"; };
		0911CB3E2E7AB156007AC615 /* ArtworkDigitalItemIdentifierType.swift */ = {isa = PBXFileReference; lastKnownFileType = sourcecode.swift; path = ArtworkDigitalItemIdentifierType.swift; sourceTree = "<group>"; };
		0911CB402E7AB361007AC615 /* ArtworkShowDetailsServicing.swift */ = {isa = PBXFileReference; lastKnownFileType = sourcecode.swift; path = ArtworkShowDetailsServicing.swift; sourceTree = "<group>"; };
		0911CB422E7AB379007AC615 /* ArtworkShowDetailsService.swift */ = {isa = PBXFileReference; lastKnownFileType = sourcecode.swift; path = ArtworkShowDetailsService.swift; sourceTree = "<group>"; };
		0911CB442E7AB38D007AC615 /* ArtworkShowDetailsServiceFactory.swift */ = {isa = PBXFileReference; lastKnownFileType = sourcecode.swift; path = ArtworkShowDetailsServiceFactory.swift; sourceTree = "<group>"; };
		0911CB562E7ABB61007AC615 /* ArtworkDigitalItem.swift */ = {isa = PBXFileReference; lastKnownFileType = sourcecode.swift; path = ArtworkDigitalItem.swift; sourceTree = "<group>"; };
		0911CB582E7ABB70007AC615 /* ArtworkDigitalItemAccessPoint.swift */ = {isa = PBXFileReference; lastKnownFileType = sourcecode.swift; path = ArtworkDigitalItemAccessPoint.swift; sourceTree = "<group>"; };
		0911CB5A2E7ABB81007AC615 /* ArtworkDigitalItemAccessPointType.swift */ = {isa = PBXFileReference; lastKnownFileType = sourcecode.swift; path = ArtworkDigitalItemAccessPointType.swift; sourceTree = "<group>"; };
		0911CB5C2E7ABBAA007AC615 /* ArtworkDigitalItemServicing.swift */ = {isa = PBXFileReference; lastKnownFileType = sourcecode.swift; path = ArtworkDigitalItemServicing.swift; sourceTree = "<group>"; };
		0911CB5E2E7ABBBD007AC615 /* ArtworkDigitalItemService.swift */ = {isa = PBXFileReference; lastKnownFileType = sourcecode.swift; path = ArtworkDigitalItemService.swift; sourceTree = "<group>"; };
		0911CB602E7ABBD4007AC615 /* ArtworkDigitalItemServiceFactory.swift */ = {isa = PBXFileReference; lastKnownFileType = sourcecode.swift; path = ArtworkDigitalItemServiceFactory.swift; sourceTree = "<group>"; };
		0911CB632E7AC35F007AC615 /* ImageDownloading.swift */ = {isa = PBXFileReference; lastKnownFileType = sourcecode.swift; path = ImageDownloading.swift; sourceTree = "<group>"; };
		0911CB652E7AC368007AC615 /* ImageDownloader.swift */ = {isa = PBXFileReference; lastKnownFileType = sourcecode.swift; path = ImageDownloader.swift; sourceTree = "<group>"; };
		0911CB672E7AC381007AC615 /* ImageDownloaderFactory.swift */ = {isa = PBXFileReference; lastKnownFileType = sourcecode.swift; path = ImageDownloaderFactory.swift; sourceTree = "<group>"; };
		0911CB6B2E7ACD52007AC615 /* IIIFImageInfo.swift */ = {isa = PBXFileReference; lastKnownFileType = sourcecode.swift; path = IIIFImageInfo.swift; sourceTree = "<group>"; };
		0911CB6D2E7ACD5D007AC615 /* IIIFImageRegion.swift */ = {isa = PBXFileReference; lastKnownFileType = sourcecode.swift; path = IIIFImageRegion.swift; sourceTree = "<group>"; };
		0911CB6F2E7ACD66007AC615 /* IIIFImageSize.swift */ = {isa = PBXFileReference; lastKnownFileType = sourcecode.swift; path = IIIFImageSize.swift; sourceTree = "<group>"; };
		0911CB712E7ACD6F007AC615 /* IIIFImageFormat.swift */ = {isa = PBXFileReference; lastKnownFileType = sourcecode.swift; path = IIIFImageFormat.swift; sourceTree = "<group>"; };
		0911CB732E7ACD76007AC615 /* IIIFImageQuality.swift */ = {isa = PBXFileReference; lastKnownFileType = sourcecode.swift; path = IIIFImageQuality.swift; sourceTree = "<group>"; };
		0911CB752E7ACD80007AC615 /* IIIFImageDownloading.swift */ = {isa = PBXFileReference; lastKnownFileType = sourcecode.swift; path = IIIFImageDownloading.swift; sourceTree = "<group>"; };
		0911CB772E7ACD8A007AC615 /* IIIFImageDownloader.swift */ = {isa = PBXFileReference; lastKnownFileType = sourcecode.swift; path = IIIFImageDownloader.swift; sourceTree = "<group>"; };
		0911CB792E7ACD95007AC615 /* IIIFImageDownloaderFactory.swift */ = {isa = PBXFileReference; lastKnownFileType = sourcecode.swift; path = IIIFImageDownloaderFactory.swift; sourceTree = "<group>"; };
		0911CB7C2E7ACE4B007AC615 /* IIIFImageURLBuilding.swift */ = {isa = PBXFileReference; lastKnownFileType = sourcecode.swift; path = IIIFImageURLBuilding.swift; sourceTree = "<group>"; };
		0911CB802E7ACE6F007AC615 /* IIIFImageURLBuilder.swift */ = {isa = PBXFileReference; lastKnownFileType = sourcecode.swift; path = IIIFImageURLBuilder.swift; sourceTree = "<group>"; };
		0911CBBB2E7AD4A1007AC615 /* NetworkServiceURLProtocol.swift */ = {isa = PBXFileReference; fileEncoding = 4; lastKnownFileType = sourcecode.swift; path = NetworkServiceURLProtocol.swift; sourceTree = "<group>"; };
		0911CBBD2E7AD4A1007AC615 /* NetworkServiceTargetURL.swift */ = {isa = PBXFileReference; fileEncoding = 4; lastKnownFileType = sourcecode.swift; path = NetworkServiceTargetURL.swift; sourceTree = "<group>"; };
		0911CBBE2E7AD4A1007AC615 /* NetworkServiceTargetURLBehaviour.swift */ = {isa = PBXFileReference; fileEncoding = 4; lastKnownFileType = sourcecode.swift; path = NetworkServiceTargetURLBehaviour.swift; sourceTree = "<group>"; };
		0911CBC52E7AD896007AC615 /* ArtworkDetailsServiceTests.swift */ = {isa = PBXFileReference; lastKnownFileType = sourcecode.swift; path = ArtworkDetailsServiceTests.swift; sourceTree = "<group>"; };
		0911CBC72E7AD8A8007AC615 /* ArtworkCollectionServiceTests.swift */ = {isa = PBXFileReference; lastKnownFileType = sourcecode.swift; path = ArtworkCollectionServiceTests.swift; sourceTree = "<group>"; };
		0911CBC92E7AD8CC007AC615 /* DefaultIIIFImageURLBuilderTests.swift */ = {isa = PBXFileReference; lastKnownFileType = sourcecode.swift; path = DefaultIIIFImageURLBuilderTests.swift; sourceTree = "<group>"; };
/* End PBXFileReference section */

/* Begin PBXFrameworksBuildPhase section */
		0911CADF2E7AA40A007AC615 /* Frameworks */ = {
			isa = PBXFrameworksBuildPhase;
			buildActionMask = 2147483647;
			files = (
			);
			runOnlyForDeploymentPostprocessing = 0;
		};
		0911CAEF2E7AA40C007AC615 /* Frameworks */ = {
			isa = PBXFrameworksBuildPhase;
			buildActionMask = 2147483647;
			files = (
			);
			runOnlyForDeploymentPostprocessing = 0;
		};
		0911CAF92E7AA40C007AC615 /* Frameworks */ = {
			isa = PBXFrameworksBuildPhase;
			buildActionMask = 2147483647;
			files = (
			);
			runOnlyForDeploymentPostprocessing = 0;
		};
/* End PBXFrameworksBuildPhase section */

/* Begin PBXGroup section */
		0911CAD92E7AA40A007AC615 = {
			isa = PBXGroup;
			children = (
				0911CB0F2E7AA620007AC615 /* Sources */,
				0911CAE42E7AA40A007AC615 /* RijksmuseumAH */,
				0911CAF52E7AA40C007AC615 /* RijksmuseumAHTests */,
				0911CAFF2E7AA40C007AC615 /* RijksmuseumAHUITests */,
				0911CAE32E7AA40A007AC615 /* Products */,
			);
			sourceTree = "<group>";
		};
		0911CAE32E7AA40A007AC615 /* Products */ = {
			isa = PBXGroup;
			children = (
				0911CAE22E7AA40A007AC615 /* RijksmuseumAH.app */,
				0911CAF22E7AA40C007AC615 /* RijksmuseumAHTests.xctest */,
				0911CAFC2E7AA40C007AC615 /* RijksmuseumAHUITests.xctest */,
			);
			name = Products;
			sourceTree = "<group>";
		};
		0911CAE42E7AA40A007AC615 /* RijksmuseumAH */ = {
			isa = PBXGroup;
			children = (
				0911CAE52E7AA40A007AC615 /* RijksmuseumAHApp.swift */,
				0911CAE72E7AA40A007AC615 /* ContentView.swift */,
				0911CAE92E7AA40C007AC615 /* Assets.xcassets */,
				0911CAEB2E7AA40C007AC615 /* Preview Content */,
			);
			path = RijksmuseumAH;
			sourceTree = "<group>";
		};
		0911CAEB2E7AA40C007AC615 /* Preview Content */ = {
			isa = PBXGroup;
			children = (
				0911CAEC2E7AA40C007AC615 /* Preview Assets.xcassets */,
			);
			path = "Preview Content";
			sourceTree = "<group>";
		};
		0911CAF52E7AA40C007AC615 /* RijksmuseumAHTests */ = {
			isa = PBXGroup;
			children = (
				0911CBC42E7AD88D007AC615 /* Services */,
				0911CBB92E7AD4A1007AC615 /* Common */,
			);
			path = RijksmuseumAHTests;
			sourceTree = "<group>";
		};
		0911CAFF2E7AA40C007AC615 /* RijksmuseumAHUITests */ = {
			isa = PBXGroup;
			children = (
				0911CB002E7AA40C007AC615 /* RijksmuseumAHUITests.swift */,
				0911CB022E7AA40C007AC615 /* RijksmuseumAHUITestsLaunchTests.swift */,
			);
			path = RijksmuseumAHUITests;
			sourceTree = "<group>";
		};
		0911CB0F2E7AA620007AC615 /* Sources */ = {
			isa = PBXGroup;
			children = (
				0911CB102E7AA626007AC615 /* Services */,
			);
			path = Sources;
			sourceTree = "<group>";
		};
		0911CB102E7AA626007AC615 /* Services */ = {
			isa = PBXGroup;
			children = (
				0911CB692E7ACD39007AC615 /* IIIFImageDownloader */,
				0911CB622E7AC352007AC615 /* ImageDownloader */,
				0911CB542E7ABB42007AC615 /* ArtworkDigitalItemService */,
				0911CB382E7AB115007AC615 /* ArtworkShowDetailsService */,
				0911CB262E7AAD4F007AC615 /* ArtworkDetailsService */,
				0911CB142E7AA71C007AC615 /* ArtworkCollectionService */,
				0911CB112E7AA639007AC615 /* Common */,
			);
			path = Services;
			sourceTree = "<group>";
		};
		0911CB112E7AA639007AC615 /* Common */ = {
			isa = PBXGroup;
			children = (
				0911CB122E7AA64C007AC615 /* FailableDecodable.swift */,
			);
			path = Common;
			sourceTree = "<group>";
		};
		0911CB142E7AA71C007AC615 /* ArtworkCollectionService */ = {
			isa = PBXGroup;
			children = (
				0911CB152E7AA72E007AC615 /* ArtworkCollectionServicing.swift */,
				0911CB222E7AA8EF007AC615 /* ArtworkCollectionService.swift */,
				0911CB242E7AAA5B007AC615 /* ArtworkCollectionServiceFactory.swift */,
				0911CB172E7AA741007AC615 /* Entities */,
			);
			path = ArtworkCollectionService;
			sourceTree = "<group>";
		};
		0911CB172E7AA741007AC615 /* Entities */ = {
			isa = PBXGroup;
			children = (
				0911CB182E7AA751007AC615 /* ArtworkCollection.swift */,
				0911CB1A2E7AA76B007AC615 /* ArtworkNextCollection.swift */,
				0911CB1C2E7AA782007AC615 /* ArtworkNextCollectionType.swift */,
				0911CB1E2E7AA801007AC615 /* ArtworkItem.swift */,
				0911CB202E7AA82A007AC615 /* ArtworkItemType.swift */,
			);
			path = Entities;
			sourceTree = "<group>";
		};
		0911CB262E7AAD4F007AC615 /* ArtworkDetailsService */ = {
			isa = PBXGroup;
			children = (
				0911CB322E7AAF4F007AC615 /* ArtworkDetailsServicing.swift */,
				0911CB342E7AAF5F007AC615 /* ArtworkDetailsService.swift */,
				0911CB362E7AAF71007AC615 /* ArtworkDetailsServiceFactory.swift */,
				0911CB272E7AAD5D007AC615 /* Entities */,
			);
			path = ArtworkDetailsService;
			sourceTree = "<group>";
		};
		0911CB272E7AAD5D007AC615 /* Entities */ = {
			isa = PBXGroup;
			children = (
				0911CB282E7AAD7B007AC615 /* ArtworkDetails.swift */,
				0911CB2A2E7AAD94007AC615 /* ArtworkIdentifier.swift */,
				0911CB2C2E7AADA5007AC615 /* ArtworkIdentifierType.swift */,
				0911CB2E2E7AADB6007AC615 /* ArtworkShow.swift */,
				0911CB302E7AADC4007AC615 /* ArtworkShowType.swift */,
			);
			path = Entities;
			sourceTree = "<group>";
		};
		0911CB382E7AB115007AC615 /* ArtworkShowDetailsService */ = {
			isa = PBXGroup;
			children = (
				0911CB402E7AB361007AC615 /* ArtworkShowDetailsServicing.swift */,
				0911CB422E7AB379007AC615 /* ArtworkShowDetailsService.swift */,
				0911CB442E7AB38D007AC615 /* ArtworkShowDetailsServiceFactory.swift */,
				0911CB392E7AB122007AC615 /* Entities */,
			);
			path = ArtworkShowDetailsService;
			sourceTree = "<group>";
		};
		0911CB392E7AB122007AC615 /* Entities */ = {
			isa = PBXGroup;
			children = (
				0911CB3A2E7AB133007AC615 /* ArtworkShowDetails.swift */,
				0911CB3C2E7AB144007AC615 /* ArtworkDigitalItemIdentifier.swift */,
				0911CB3E2E7AB156007AC615 /* ArtworkDigitalItemIdentifierType.swift */,
			);
			path = Entities;
			sourceTree = "<group>";
		};
		0911CB542E7ABB42007AC615 /* ArtworkDigitalItemService */ = {
			isa = PBXGroup;
			children = (
				0911CB5C2E7ABBAA007AC615 /* ArtworkDigitalItemServicing.swift */,
				0911CB5E2E7ABBBD007AC615 /* ArtworkDigitalItemService.swift */,
				0911CB602E7ABBD4007AC615 /* ArtworkDigitalItemServiceFactory.swift */,
				0911CB552E7ABB56007AC615 /* Entities */,
			);
			path = ArtworkDigitalItemService;
			sourceTree = "<group>";
		};
		0911CB552E7ABB56007AC615 /* Entities */ = {
			isa = PBXGroup;
			children = (
				0911CB562E7ABB61007AC615 /* ArtworkDigitalItem.swift */,
				0911CB582E7ABB70007AC615 /* ArtworkDigitalItemAccessPoint.swift */,
				0911CB5A2E7ABB81007AC615 /* ArtworkDigitalItemAccessPointType.swift */,
			);
			path = Entities;
			sourceTree = "<group>";
		};
		0911CB622E7AC352007AC615 /* ImageDownloader */ = {
			isa = PBXGroup;
			children = (
				0911CB632E7AC35F007AC615 /* ImageDownloading.swift */,
				0911CB652E7AC368007AC615 /* ImageDownloader.swift */,
				0911CB672E7AC381007AC615 /* ImageDownloaderFactory.swift */,
			);
			path = ImageDownloader;
			sourceTree = "<group>";
		};
		0911CB692E7ACD39007AC615 /* IIIFImageDownloader */ = {
			isa = PBXGroup;
			children = (
				0911CB752E7ACD80007AC615 /* IIIFImageDownloading.swift */,
				0911CB772E7ACD8A007AC615 /* IIIFImageDownloader.swift */,
				0911CB792E7ACD95007AC615 /* IIIFImageDownloaderFactory.swift */,
				0911CB6A2E7ACD44007AC615 /* Entities */,
				0911CB7B2E7ACE28007AC615 /* Builder */,
			);
			path = IIIFImageDownloader;
			sourceTree = "<group>";
		};
		0911CB6A2E7ACD44007AC615 /* Entities */ = {
			isa = PBXGroup;
			children = (
				0911CB6B2E7ACD52007AC615 /* IIIFImageInfo.swift */,
				0911CB6D2E7ACD5D007AC615 /* IIIFImageRegion.swift */,
				0911CB6F2E7ACD66007AC615 /* IIIFImageSize.swift */,
				0911CB732E7ACD76007AC615 /* IIIFImageQuality.swift */,
				0911CB712E7ACD6F007AC615 /* IIIFImageFormat.swift */,
			);
			path = Entities;
			sourceTree = "<group>";
		};
		0911CB7B2E7ACE28007AC615 /* Builder */ = {
			isa = PBXGroup;
			children = (
				0911CB7C2E7ACE4B007AC615 /* IIIFImageURLBuilding.swift */,
				0911CB802E7ACE6F007AC615 /* IIIFImageURLBuilder.swift */,
			);
			path = Builder;
			sourceTree = "<group>";
		};
		0911CBB92E7AD4A1007AC615 /* Common */ = {
			isa = PBXGroup;
			children = (
				0911CBBA2E7AD4A1007AC615 /* Network */,
			);
			path = Common;
			sourceTree = "<group>";
		};
		0911CBBA2E7AD4A1007AC615 /* Network */ = {
			isa = PBXGroup;
			children = (
				0911CBBB2E7AD4A1007AC615 /* NetworkServiceURLProtocol.swift */,
				0911CBBC2E7AD4A1007AC615 /* Entities */,
			);
			path = Network;
			sourceTree = "<group>";
		};
		0911CBBC2E7AD4A1007AC615 /* Entities */ = {
			isa = PBXGroup;
			children = (
				0911CBBD2E7AD4A1007AC615 /* NetworkServiceTargetURL.swift */,
				0911CBBE2E7AD4A1007AC615 /* NetworkServiceTargetURLBehaviour.swift */,
			);
			path = Entities;
			sourceTree = "<group>";
		};
		0911CBC42E7AD88D007AC615 /* Services */ = {
			isa = PBXGroup;
			children = (
				0911CBC72E7AD8A8007AC615 /* ArtworkCollectionServiceTests.swift */,
				0911CBC52E7AD896007AC615 /* ArtworkDetailsServiceTests.swift */,
				0911CBC92E7AD8CC007AC615 /* DefaultIIIFImageURLBuilderTests.swift */,
			);
			path = Services;
			sourceTree = "<group>";
		};
/* End PBXGroup section */

/* Begin PBXNativeTarget section */
		0911CAE12E7AA40A007AC615 /* RijksmuseumAH */ = {
			isa = PBXNativeTarget;
			buildConfigurationList = 0911CB062E7AA40C007AC615 /* Build configuration list for PBXNativeTarget "RijksmuseumAH" */;
			buildPhases = (
				0911CADE2E7AA40A007AC615 /* Sources */,
				0911CADF2E7AA40A007AC615 /* Frameworks */,
				0911CAE02E7AA40A007AC615 /* Resources */,
			);
			buildRules = (
			);
			dependencies = (
			);
			name = RijksmuseumAH;
			productName = RijksmuseumAH;
			productReference = 0911CAE22E7AA40A007AC615 /* RijksmuseumAH.app */;
			productType = "com.apple.product-type.application";
		};
		0911CAF12E7AA40C007AC615 /* RijksmuseumAHTests */ = {
			isa = PBXNativeTarget;
			buildConfigurationList = 0911CB092E7AA40C007AC615 /* Build configuration list for PBXNativeTarget "RijksmuseumAHTests" */;
			buildPhases = (
				0911CAEE2E7AA40C007AC615 /* Sources */,
				0911CAEF2E7AA40C007AC615 /* Frameworks */,
				0911CAF02E7AA40C007AC615 /* Resources */,
			);
			buildRules = (
			);
			dependencies = (
				0911CAF42E7AA40C007AC615 /* PBXTargetDependency */,
			);
			name = RijksmuseumAHTests;
			productName = RijksmuseumAHTests;
			productReference = 0911CAF22E7AA40C007AC615 /* RijksmuseumAHTests.xctest */;
			productType = "com.apple.product-type.bundle.unit-test";
		};
		0911CAFB2E7AA40C007AC615 /* RijksmuseumAHUITests */ = {
			isa = PBXNativeTarget;
			buildConfigurationList = 0911CB0C2E7AA40C007AC615 /* Build configuration list for PBXNativeTarget "RijksmuseumAHUITests" */;
			buildPhases = (
				0911CAF82E7AA40C007AC615 /* Sources */,
				0911CAF92E7AA40C007AC615 /* Frameworks */,
				0911CAFA2E7AA40C007AC615 /* Resources */,
			);
			buildRules = (
			);
			dependencies = (
				0911CAFE2E7AA40C007AC615 /* PBXTargetDependency */,
			);
			name = RijksmuseumAHUITests;
			productName = RijksmuseumAHUITests;
			productReference = 0911CAFC2E7AA40C007AC615 /* RijksmuseumAHUITests.xctest */;
			productType = "com.apple.product-type.bundle.ui-testing";
		};
/* End PBXNativeTarget section */

/* Begin PBXProject section */
		0911CADA2E7AA40A007AC615 /* Project object */ = {
			isa = PBXProject;
			attributes = {
				BuildIndependentTargetsInParallel = 1;
				LastSwiftUpdateCheck = 1500;
				LastUpgradeCheck = 1500;
				TargetAttributes = {
					0911CAE12E7AA40A007AC615 = {
						CreatedOnToolsVersion = 15.0.1;
					};
					0911CAF12E7AA40C007AC615 = {
						CreatedOnToolsVersion = 15.0.1;
						TestTargetID = 0911CAE12E7AA40A007AC615;
					};
					0911CAFB2E7AA40C007AC615 = {
						CreatedOnToolsVersion = 15.0.1;
						TestTargetID = 0911CAE12E7AA40A007AC615;
					};
				};
			};
			buildConfigurationList = 0911CADD2E7AA40A007AC615 /* Build configuration list for PBXProject "RijksmuseumAH" */;
			compatibilityVersion = "Xcode 14.0";
			developmentRegion = en;
			hasScannedForEncodings = 0;
			knownRegions = (
				en,
				Base,
			);
			mainGroup = 0911CAD92E7AA40A007AC615;
			productRefGroup = 0911CAE32E7AA40A007AC615 /* Products */;
			projectDirPath = "";
			projectRoot = "";
			targets = (
				0911CAE12E7AA40A007AC615 /* RijksmuseumAH */,
				0911CAF12E7AA40C007AC615 /* RijksmuseumAHTests */,
				0911CAFB2E7AA40C007AC615 /* RijksmuseumAHUITests */,
			);
		};
/* End PBXProject section */

/* Begin PBXResourcesBuildPhase section */
		0911CAE02E7AA40A007AC615 /* Resources */ = {
			isa = PBXResourcesBuildPhase;
			buildActionMask = 2147483647;
			files = (
				0911CAED2E7AA40C007AC615 /* Preview Assets.xcassets in Resources */,
				0911CAEA2E7AA40C007AC615 /* Assets.xcassets in Resources */,
			);
			runOnlyForDeploymentPostprocessing = 0;
		};
		0911CAF02E7AA40C007AC615 /* Resources */ = {
			isa = PBXResourcesBuildPhase;
			buildActionMask = 2147483647;
			files = (
			);
			runOnlyForDeploymentPostprocessing = 0;
		};
		0911CAFA2E7AA40C007AC615 /* Resources */ = {
			isa = PBXResourcesBuildPhase;
			buildActionMask = 2147483647;
			files = (
			);
			runOnlyForDeploymentPostprocessing = 0;
		};
/* End PBXResourcesBuildPhase section */

/* Begin PBXSourcesBuildPhase section */
		0911CADE2E7AA40A007AC615 /* Sources */ = {
			isa = PBXSourcesBuildPhase;
			buildActionMask = 2147483647;
			files = (
				0911CB5F2E7ABBBD007AC615 /* ArtworkDigitalItemService.swift in Sources */,
				0911CB682E7AC381007AC615 /* ImageDownloaderFactory.swift in Sources */,
				0911CB1D2E7AA782007AC615 /* ArtworkNextCollectionType.swift in Sources */,
				0911CAE82E7AA40A007AC615 /* ContentView.swift in Sources */,
				0911CB332E7AAF4F007AC615 /* ArtworkDetailsServicing.swift in Sources */,
				0911CAE62E7AA40A007AC615 /* RijksmuseumAHApp.swift in Sources */,
				0911CB3F2E7AB156007AC615 /* ArtworkDigitalItemIdentifierType.swift in Sources */,
				0911CB762E7ACD80007AC615 /* IIIFImageDownloading.swift in Sources */,
				0911CB162E7AA72E007AC615 /* ArtworkCollectionServicing.swift in Sources */,
				0911CB592E7ABB70007AC615 /* ArtworkDigitalItemAccessPoint.swift in Sources */,
				0911CB2B2E7AAD94007AC615 /* ArtworkIdentifier.swift in Sources */,
				0911CB742E7ACD76007AC615 /* IIIFImageQuality.swift in Sources */,
				0911CB232E7AA8EF007AC615 /* ArtworkCollectionService.swift in Sources */,
				0911CB642E7AC35F007AC615 /* ImageDownloading.swift in Sources */,
				0911CB6E2E7ACD5D007AC615 /* IIIFImageRegion.swift in Sources */,
				0911CB6C2E7ACD52007AC615 /* IIIFImageInfo.swift in Sources */,
				0911CB212E7AA82A007AC615 /* ArtworkItemType.swift in Sources */,
				0911CB132E7AA64C007AC615 /* FailableDecodable.swift in Sources */,
				0911CB5B2E7ABB81007AC615 /* ArtworkDigitalItemAccessPointType.swift in Sources */,
				0911CB292E7AAD7B007AC615 /* ArtworkDetails.swift in Sources */,
				0911CB7A2E7ACD95007AC615 /* IIIFImageDownloaderFactory.swift in Sources */,
				0911CB2D2E7AADA5007AC615 /* ArtworkIdentifierType.swift in Sources */,
				0911CB702E7ACD66007AC615 /* IIIFImageSize.swift in Sources */,
				0911CB572E7ABB61007AC615 /* ArtworkDigitalItem.swift in Sources */,
				0911CB452E7AB38D007AC615 /* ArtworkShowDetailsServiceFactory.swift in Sources */,
				0911CB372E7AAF71007AC615 /* ArtworkDetailsServiceFactory.swift in Sources */,
				0911CB812E7ACE6F007AC615 /* IIIFImageURLBuilder.swift in Sources */,
				0911CB2F2E7AADB6007AC615 /* ArtworkShow.swift in Sources */,
				0911CB1F2E7AA801007AC615 /* ArtworkItem.swift in Sources */,
				0911CB432E7AB379007AC615 /* ArtworkShowDetailsService.swift in Sources */,
				0911CB5D2E7ABBAA007AC615 /* ArtworkDigitalItemServicing.swift in Sources */,
				0911CB3D2E7AB144007AC615 /* ArtworkDigitalItemIdentifier.swift in Sources */,
				0911CB612E7ABBD4007AC615 /* ArtworkDigitalItemServiceFactory.swift in Sources */,
				0911CB7D2E7ACE4B007AC615 /* IIIFImageURLBuilding.swift in Sources */,
				0911CB722E7ACD6F007AC615 /* IIIFImageFormat.swift in Sources */,
				0911CB192E7AA751007AC615 /* ArtworkCollection.swift in Sources */,
				0911CB412E7AB361007AC615 /* ArtworkShowDetailsServicing.swift in Sources */,
				0911CB312E7AADC4007AC615 /* ArtworkShowType.swift in Sources */,
				0911CB662E7AC368007AC615 /* ImageDownloader.swift in Sources */,
				0911CB252E7AAA5B007AC615 /* ArtworkCollectionServiceFactory.swift in Sources */,
				0911CB782E7ACD8A007AC615 /* IIIFImageDownloader.swift in Sources */,
				0911CB1B2E7AA76B007AC615 /* ArtworkNextCollection.swift in Sources */,
				0911CB352E7AAF5F007AC615 /* ArtworkDetailsService.swift in Sources */,
				0911CB3B2E7AB133007AC615 /* ArtworkShowDetails.swift in Sources */,
			);
			runOnlyForDeploymentPostprocessing = 0;
		};
		0911CAEE2E7AA40C007AC615 /* Sources */ = {
			isa = PBXSourcesBuildPhase;
			buildActionMask = 2147483647;
			files = (
				0911CBCA2E7AD8CC007AC615 /* DefaultIIIFImageURLBuilderTests.swift in Sources */,
				0911CBC02E7AD4A1007AC615 /* NetworkServiceTargetURL.swift in Sources */,
				0911CBBF2E7AD4A1007AC615 /* NetworkServiceURLProtocol.swift in Sources */,
				0911CBC62E7AD896007AC615 /* ArtworkDetailsServiceTests.swift in Sources */,
				0911CBC12E7AD4A1007AC615 /* NetworkServiceTargetURLBehaviour.swift in Sources */,
				0911CBC82E7AD8A8007AC615 /* ArtworkCollectionServiceTests.swift in Sources */,
			);
			runOnlyForDeploymentPostprocessing = 0;
		};
		0911CAF82E7AA40C007AC615 /* Sources */ = {
			isa = PBXSourcesBuildPhase;
			buildActionMask = 2147483647;
			files = (
				0911CB012E7AA40C007AC615 /* RijksmuseumAHUITests.swift in Sources */,
				0911CB032E7AA40C007AC615 /* RijksmuseumAHUITestsLaunchTests.swift in Sources */,
			);
			runOnlyForDeploymentPostprocessing = 0;
		};
/* End PBXSourcesBuildPhase section */

/* Begin PBXTargetDependency section */
		0911CAF42E7AA40C007AC615 /* PBXTargetDependency */ = {
			isa = PBXTargetDependency;
			target = 0911CAE12E7AA40A007AC615 /* RijksmuseumAH */;
			targetProxy = 0911CAF32E7AA40C007AC615 /* PBXContainerItemProxy */;
		};
		0911CAFE2E7AA40C007AC615 /* PBXTargetDependency */ = {
			isa = PBXTargetDependency;
			target = 0911CAE12E7AA40A007AC615 /* RijksmuseumAH */;
			targetProxy = 0911CAFD2E7AA40C007AC615 /* PBXContainerItemProxy */;
		};
/* End PBXTargetDependency section */

/* Begin XCBuildConfiguration section */
		0911CB042E7AA40C007AC615 /* Debug */ = {
			isa = XCBuildConfiguration;
			buildSettings = {
				ALWAYS_SEARCH_USER_PATHS = NO;
				ASSETCATALOG_COMPILER_GENERATE_SWIFT_ASSET_SYMBOL_EXTENSIONS = YES;
				CLANG_ANALYZER_NONNULL = YES;
				CLANG_ANALYZER_NUMBER_OBJECT_CONVERSION = YES_AGGRESSIVE;
				CLANG_CXX_LANGUAGE_STANDARD = "gnu++20";
				CLANG_ENABLE_MODULES = YES;
				CLANG_ENABLE_OBJC_ARC = YES;
				CLANG_ENABLE_OBJC_WEAK = YES;
				CLANG_WARN_BLOCK_CAPTURE_AUTORELEASING = YES;
				CLANG_WARN_BOOL_CONVERSION = YES;
				CLANG_WARN_COMMA = YES;
				CLANG_WARN_CONSTANT_CONVERSION = YES;
				CLANG_WARN_DEPRECATED_OBJC_IMPLEMENTATIONS = YES;
				CLANG_WARN_DIRECT_OBJC_ISA_USAGE = YES_ERROR;
				CLANG_WARN_DOCUMENTATION_COMMENTS = YES;
				CLANG_WARN_EMPTY_BODY = YES;
				CLANG_WARN_ENUM_CONVERSION = YES;
				CLANG_WARN_INFINITE_RECURSION = YES;
				CLANG_WARN_INT_CONVERSION = YES;
				CLANG_WARN_NON_LITERAL_NULL_CONVERSION = YES;
				CLANG_WARN_OBJC_IMPLICIT_RETAIN_SELF = YES;
				CLANG_WARN_OBJC_LITERAL_CONVERSION = YES;
				CLANG_WARN_OBJC_ROOT_CLASS = YES_ERROR;
				CLANG_WARN_QUOTED_INCLUDE_IN_FRAMEWORK_HEADER = YES;
				CLANG_WARN_RANGE_LOOP_ANALYSIS = YES;
				CLANG_WARN_STRICT_PROTOTYPES = YES;
				CLANG_WARN_SUSPICIOUS_MOVE = YES;
				CLANG_WARN_UNGUARDED_AVAILABILITY = YES_AGGRESSIVE;
				CLANG_WARN_UNREACHABLE_CODE = YES;
				CLANG_WARN__DUPLICATE_METHOD_MATCH = YES;
				COPY_PHASE_STRIP = NO;
				DEBUG_INFORMATION_FORMAT = dwarf;
				ENABLE_STRICT_OBJC_MSGSEND = YES;
				ENABLE_TESTABILITY = YES;
				ENABLE_USER_SCRIPT_SANDBOXING = YES;
				GCC_C_LANGUAGE_STANDARD = gnu17;
				GCC_DYNAMIC_NO_PIC = NO;
				GCC_NO_COMMON_BLOCKS = YES;
				GCC_OPTIMIZATION_LEVEL = 0;
				GCC_PREPROCESSOR_DEFINITIONS = (
					"DEBUG=1",
					"$(inherited)",
				);
				GCC_WARN_64_TO_32_BIT_CONVERSION = YES;
				GCC_WARN_ABOUT_RETURN_TYPE = YES_ERROR;
				GCC_WARN_UNDECLARED_SELECTOR = YES;
				GCC_WARN_UNINITIALIZED_AUTOS = YES_AGGRESSIVE;
				GCC_WARN_UNUSED_FUNCTION = YES;
				GCC_WARN_UNUSED_VARIABLE = YES;
				IPHONEOS_DEPLOYMENT_TARGET = 17.0;
				LOCALIZATION_PREFERS_STRING_CATALOGS = YES;
				MTL_ENABLE_DEBUG_INFO = INCLUDE_SOURCE;
				MTL_FAST_MATH = YES;
				ONLY_ACTIVE_ARCH = YES;
				SDKROOT = iphoneos;
				SWIFT_ACTIVE_COMPILATION_CONDITIONS = "DEBUG $(inherited)";
				SWIFT_OPTIMIZATION_LEVEL = "-Onone";
			};
			name = Debug;
		};
		0911CB052E7AA40C007AC615 /* Release */ = {
			isa = XCBuildConfiguration;
			buildSettings = {
				ALWAYS_SEARCH_USER_PATHS = NO;
				ASSETCATALOG_COMPILER_GENERATE_SWIFT_ASSET_SYMBOL_EXTENSIONS = YES;
				CLANG_ANALYZER_NONNULL = YES;
				CLANG_ANALYZER_NUMBER_OBJECT_CONVERSION = YES_AGGRESSIVE;
				CLANG_CXX_LANGUAGE_STANDARD = "gnu++20";
				CLANG_ENABLE_MODULES = YES;
				CLANG_ENABLE_OBJC_ARC = YES;
				CLANG_ENABLE_OBJC_WEAK = YES;
				CLANG_WARN_BLOCK_CAPTURE_AUTORELEASING = YES;
				CLANG_WARN_BOOL_CONVERSION = YES;
				CLANG_WARN_COMMA = YES;
				CLANG_WARN_CONSTANT_CONVERSION = YES;
				CLANG_WARN_DEPRECATED_OBJC_IMPLEMENTATIONS = YES;
				CLANG_WARN_DIRECT_OBJC_ISA_USAGE = YES_ERROR;
				CLANG_WARN_DOCUMENTATION_COMMENTS = YES;
				CLANG_WARN_EMPTY_BODY = YES;
				CLANG_WARN_ENUM_CONVERSION = YES;
				CLANG_WARN_INFINITE_RECURSION = YES;
				CLANG_WARN_INT_CONVERSION = YES;
				CLANG_WARN_NON_LITERAL_NULL_CONVERSION = YES;
				CLANG_WARN_OBJC_IMPLICIT_RETAIN_SELF = YES;
				CLANG_WARN_OBJC_LITERAL_CONVERSION = YES;
				CLANG_WARN_OBJC_ROOT_CLASS = YES_ERROR;
				CLANG_WARN_QUOTED_INCLUDE_IN_FRAMEWORK_HEADER = YES;
				CLANG_WARN_RANGE_LOOP_ANALYSIS = YES;
				CLANG_WARN_STRICT_PROTOTYPES = YES;
				CLANG_WARN_SUSPICIOUS_MOVE = YES;
				CLANG_WARN_UNGUARDED_AVAILABILITY = YES_AGGRESSIVE;
				CLANG_WARN_UNREACHABLE_CODE = YES;
				CLANG_WARN__DUPLICATE_METHOD_MATCH = YES;
				COPY_PHASE_STRIP = NO;
				DEBUG_INFORMATION_FORMAT = "dwarf-with-dsym";
				ENABLE_NS_ASSERTIONS = NO;
				ENABLE_STRICT_OBJC_MSGSEND = YES;
				ENABLE_USER_SCRIPT_SANDBOXING = YES;
				GCC_C_LANGUAGE_STANDARD = gnu17;
				GCC_NO_COMMON_BLOCKS = YES;
				GCC_WARN_64_TO_32_BIT_CONVERSION = YES;
				GCC_WARN_ABOUT_RETURN_TYPE = YES_ERROR;
				GCC_WARN_UNDECLARED_SELECTOR = YES;
				GCC_WARN_UNINITIALIZED_AUTOS = YES_AGGRESSIVE;
				GCC_WARN_UNUSED_FUNCTION = YES;
				GCC_WARN_UNUSED_VARIABLE = YES;
				IPHONEOS_DEPLOYMENT_TARGET = 17.0;
				LOCALIZATION_PREFERS_STRING_CATALOGS = YES;
				MTL_ENABLE_DEBUG_INFO = NO;
				MTL_FAST_MATH = YES;
				SDKROOT = iphoneos;
				SWIFT_COMPILATION_MODE = wholemodule;
				VALIDATE_PRODUCT = YES;
			};
			name = Release;
		};
		0911CB072E7AA40C007AC615 /* Debug */ = {
			isa = XCBuildConfiguration;
			buildSettings = {
				ASSETCATALOG_COMPILER_APPICON_NAME = AppIcon;
				ASSETCATALOG_COMPILER_GLOBAL_ACCENT_COLOR_NAME = AccentColor;
				CODE_SIGN_STYLE = Automatic;
				CURRENT_PROJECT_VERSION = 1;
				DEVELOPMENT_ASSET_PATHS = "\"RijksmuseumAH/Preview Content\"";
				ENABLE_PREVIEWS = YES;
				GENERATE_INFOPLIST_FILE = YES;
				INFOPLIST_KEY_UIApplicationSceneManifest_Generation = YES;
				INFOPLIST_KEY_UIApplicationSupportsIndirectInputEvents = YES;
				INFOPLIST_KEY_UILaunchScreen_Generation = YES;
				INFOPLIST_KEY_UISupportedInterfaceOrientations_iPad = "UIInterfaceOrientationPortrait UIInterfaceOrientationPortraitUpsideDown UIInterfaceOrientationLandscapeLeft UIInterfaceOrientationLandscapeRight";
				INFOPLIST_KEY_UISupportedInterfaceOrientations_iPhone = "UIInterfaceOrientationPortrait UIInterfaceOrientationLandscapeLeft UIInterfaceOrientationLandscapeRight";
				LD_RUNPATH_SEARCH_PATHS = (
					"$(inherited)",
					"@executable_path/Frameworks",
				);
				MARKETING_VERSION = 1.0;
				PRODUCT_BUNDLE_IDENTIFIER = com.laurentiucociu.RijksmuseumAH;
				PRODUCT_NAME = "$(TARGET_NAME)";
				SWIFT_EMIT_LOC_STRINGS = YES;
				SWIFT_VERSION = 5.0;
				TARGETED_DEVICE_FAMILY = "1,2";
			};
			name = Debug;
		};
		0911CB082E7AA40C007AC615 /* Release */ = {
			isa = XCBuildConfiguration;
			buildSettings = {
				ASSETCATALOG_COMPILER_APPICON_NAME = AppIcon;
				ASSETCATALOG_COMPILER_GLOBAL_ACCENT_COLOR_NAME = AccentColor;
				CODE_SIGN_STYLE = Automatic;
				CURRENT_PROJECT_VERSION = 1;
				DEVELOPMENT_ASSET_PATHS = "\"RijksmuseumAH/Preview Content\"";
				ENABLE_PREVIEWS = YES;
				GENERATE_INFOPLIST_FILE = YES;
				INFOPLIST_KEY_UIApplicationSceneManifest_Generation = YES;
				INFOPLIST_KEY_UIApplicationSupportsIndirectInputEvents = YES;
				INFOPLIST_KEY_UILaunchScreen_Generation = YES;
				INFOPLIST_KEY_UISupportedInterfaceOrientations_iPad = "UIInterfaceOrientationPortrait UIInterfaceOrientationPortraitUpsideDown UIInterfaceOrientationLandscapeLeft UIInterfaceOrientationLandscapeRight";
				INFOPLIST_KEY_UISupportedInterfaceOrientations_iPhone = "UIInterfaceOrientationPortrait UIInterfaceOrientationLandscapeLeft UIInterfaceOrientationLandscapeRight";
				LD_RUNPATH_SEARCH_PATHS = (
					"$(inherited)",
					"@executable_path/Frameworks",
				);
				MARKETING_VERSION = 1.0;
				PRODUCT_BUNDLE_IDENTIFIER = com.laurentiucociu.RijksmuseumAH;
				PRODUCT_NAME = "$(TARGET_NAME)";
				SWIFT_EMIT_LOC_STRINGS = YES;
				SWIFT_VERSION = 5.0;
				TARGETED_DEVICE_FAMILY = "1,2";
			};
			name = Release;
		};
		0911CB0A2E7AA40C007AC615 /* Debug */ = {
			isa = XCBuildConfiguration;
			buildSettings = {
				ALWAYS_EMBED_SWIFT_STANDARD_LIBRARIES = YES;
				BUNDLE_LOADER = "$(TEST_HOST)";
				CODE_SIGN_STYLE = Automatic;
				CURRENT_PROJECT_VERSION = 1;
				GENERATE_INFOPLIST_FILE = YES;
				IPHONEOS_DEPLOYMENT_TARGET = 17.0;
				MARKETING_VERSION = 1.0;
				PRODUCT_BUNDLE_IDENTIFIER = com.laurentiucociu.RijksmuseumAHTests;
				PRODUCT_NAME = "$(TARGET_NAME)";
				SWIFT_EMIT_LOC_STRINGS = NO;
				SWIFT_VERSION = 5.0;
				TARGETED_DEVICE_FAMILY = "1,2";
				TEST_HOST = "$(BUILT_PRODUCTS_DIR)/RijksmuseumAH.app/$(BUNDLE_EXECUTABLE_FOLDER_PATH)/RijksmuseumAH";
			};
			name = Debug;
		};
		0911CB0B2E7AA40C007AC615 /* Release */ = {
			isa = XCBuildConfiguration;
			buildSettings = {
				ALWAYS_EMBED_SWIFT_STANDARD_LIBRARIES = YES;
				BUNDLE_LOADER = "$(TEST_HOST)";
				CODE_SIGN_STYLE = Automatic;
				CURRENT_PROJECT_VERSION = 1;
				GENERATE_INFOPLIST_FILE = YES;
				IPHONEOS_DEPLOYMENT_TARGET = 17.0;
				MARKETING_VERSION = 1.0;
				PRODUCT_BUNDLE_IDENTIFIER = com.laurentiucociu.RijksmuseumAHTests;
				PRODUCT_NAME = "$(TARGET_NAME)";
				SWIFT_EMIT_LOC_STRINGS = NO;
				SWIFT_VERSION = 5.0;
				TARGETED_DEVICE_FAMILY = "1,2";
				TEST_HOST = "$(BUILT_PRODUCTS_DIR)/RijksmuseumAH.app/$(BUNDLE_EXECUTABLE_FOLDER_PATH)/RijksmuseumAH";
			};
			name = Release;
		};
		0911CB0D2E7AA40C007AC615 /* Debug */ = {
			isa = XCBuildConfiguration;
			buildSettings = {
				ALWAYS_EMBED_SWIFT_STANDARD_LIBRARIES = YES;
				CODE_SIGN_STYLE = Automatic;
				CURRENT_PROJECT_VERSION = 1;
				GENERATE_INFOPLIST_FILE = YES;
				MARKETING_VERSION = 1.0;
				PRODUCT_BUNDLE_IDENTIFIER = com.laurentiucociu.RijksmuseumAHUITests;
				PRODUCT_NAME = "$(TARGET_NAME)";
				SWIFT_EMIT_LOC_STRINGS = NO;
				SWIFT_VERSION = 5.0;
				TARGETED_DEVICE_FAMILY = "1,2";
				TEST_TARGET_NAME = RijksmuseumAH;
			};
			name = Debug;
		};
		0911CB0E2E7AA40C007AC615 /* Release */ = {
			isa = XCBuildConfiguration;
			buildSettings = {
				ALWAYS_EMBED_SWIFT_STANDARD_LIBRARIES = YES;
				CODE_SIGN_STYLE = Automatic;
				CURRENT_PROJECT_VERSION = 1;
				GENERATE_INFOPLIST_FILE = YES;
				MARKETING_VERSION = 1.0;
				PRODUCT_BUNDLE_IDENTIFIER = com.laurentiucociu.RijksmuseumAHUITests;
				PRODUCT_NAME = "$(TARGET_NAME)";
				SWIFT_EMIT_LOC_STRINGS = NO;
				SWIFT_VERSION = 5.0;
				TARGETED_DEVICE_FAMILY = "1,2";
				TEST_TARGET_NAME = RijksmuseumAH;
			};
			name = Release;
		};
/* End XCBuildConfiguration section */

/* Begin XCConfigurationList section */
		0911CADD2E7AA40A007AC615 /* Build configuration list for PBXProject "RijksmuseumAH" */ = {
			isa = XCConfigurationList;
			buildConfigurations = (
				0911CB042E7AA40C007AC615 /* Debug */,
				0911CB052E7AA40C007AC615 /* Release */,
			);
			defaultConfigurationIsVisible = 0;
			defaultConfigurationName = Release;
		};
		0911CB062E7AA40C007AC615 /* Build configuration list for PBXNativeTarget "RijksmuseumAH" */ = {
			isa = XCConfigurationList;
			buildConfigurations = (
				0911CB072E7AA40C007AC615 /* Debug */,
				0911CB082E7AA40C007AC615 /* Release */,
			);
			defaultConfigurationIsVisible = 0;
			defaultConfigurationName = Release;
		};
		0911CB092E7AA40C007AC615 /* Build configuration list for PBXNativeTarget "RijksmuseumAHTests" */ = {
			isa = XCConfigurationList;
			buildConfigurations = (
				0911CB0A2E7AA40C007AC615 /* Debug */,
				0911CB0B2E7AA40C007AC615 /* Release */,
			);
			defaultConfigurationIsVisible = 0;
			defaultConfigurationName = Release;
		};
		0911CB0C2E7AA40C007AC615 /* Build configuration list for PBXNativeTarget "RijksmuseumAHUITests" */ = {
			isa = XCConfigurationList;
			buildConfigurations = (
				0911CB0D2E7AA40C007AC615 /* Debug */,
				0911CB0E2E7AA40C007AC615 /* Release */,
			);
			defaultConfigurationIsVisible = 0;
			defaultConfigurationName = Release;
		};
/* End XCConfigurationList section */
	};
	rootObject = 0911CADA2E7AA40A007AC615 /* Project object */;
}
