// !$*UTF8*$!
{
	archiveVersion = 1;
	classes = {
	};
	objectVersion = 56;
	objects = {

/* Begin PBXBuildFile section */
		0911CAE62E7AA40A007AC615 /* RijksmuseumAHApp.swift in Sources */ = {isa = PBXBuildFile; fileRef = 0911CAE52E7AA40A007AC615 /* RijksmuseumAHApp.swift */; };
		0911CAE82E7AA40A007AC615 /* ContentView.swift in Sources */ = {isa = PBXBuildFile; fileRef = 0911CAE72E7AA40A007AC615 /* ContentView.swift */; };
		0911CAEA2E7AA40C007AC615 /* Assets.xcassets in Resources */ = {isa = PBXBuildFile; fileRef = 0911CAE92E7AA40C007AC615 /* Assets.xcassets */; };
		0911CAED2E7AA40C007AC615 /* Preview Assets.xcassets in Resources */ = {isa = PBXBuildFile; fileRef = 0911CAEC2E7AA40C007AC615 /* Preview Assets.xcassets */; };
		0911CB132E7AA64C007AC615 /* FailableDecodable.swift in Sources */ = {isa = PBXBuildFile; fileRef = 0911CB122E7AA64C007AC615 /* FailableDecodable.swift */; };
		0911CB162E7AA72E007AC615 /* ArtworkCollectionServicing.swift in Sources */ = {isa = PBXBuildFile; fileRef = 0911CB152E7AA72E007AC615 /* ArtworkCollectionServicing.swift */; };
		0911CB192E7AA751007AC615 /* ArtworkCollection.swift in Sources */ = {isa = PBXBuildFile; fileRef = 0911CB182E7AA751007AC615 /* ArtworkCollection.swift */; };
		0911CB1B2E7AA76B007AC615 /* ArtworkNextCollection.swift in Sources */ = {isa = PBXBuildFile; fileRef = 0911CB1A2E7AA76B007AC615 /* ArtworkNextCollection.swift */; };
		0911CB1D2E7AA782007AC615 /* ArtworkNextCollectionType.swift in Sources */ = {isa = PBXBuildFile; fileRef = 0911CB1C2E7AA782007AC615 /* ArtworkNextCollectionType.swift */; };
		0911CB1F2E7AA801007AC615 /* ArtworkItem.swift in Sources */ = {isa = PBXBuildFile; fileRef = 0911CB1E2E7AA801007AC615 /* ArtworkItem.swift */; };
		0911CB212E7AA82A007AC615 /* ArtworkItemType.swift in Sources */ = {isa = PBXBuildFile; fileRef = 0911CB202E7AA82A007AC615 /* ArtworkItemType.swift */; };
		0911CB232E7AA8EF007AC615 /* ArtworkCollectionService.swift in Sources */ = {isa = PBXBuildFile; fileRef = 0911CB222E7AA8EF007AC615 /* ArtworkCollectionService.swift */; };
		0911CB252E7AAA5B007AC615 /* ArtworkCollectionServiceFactory.swift in Sources */ = {isa = PBXBuildFile; fileRef = 0911CB242E7AAA5B007AC615 /* ArtworkCollectionServiceFactory.swift */; };
		0911CB292E7AAD7B007AC615 /* ArtworkDetails.swift in Sources */ = {isa = PBXBuildFile; fileRef = 0911CB282E7AAD7B007AC615 /* ArtworkDetails.swift */; };
		0911CB2B2E7AAD94007AC615 /* ArtworkIdentifier.swift in Sources */ = {isa = PBXBuildFile; fileRef = 0911CB2A2E7AAD94007AC615 /* ArtworkIdentifier.swift */; };
		0911CB2D2E7AADA5007AC615 /* ArtworkIdentifierType.swift in Sources */ = {isa = PBXBuildFile; fileRef = 0911CB2C2E7AADA5007AC615 /* ArtworkIdentifierType.swift */; };
		0911CB2F2E7AADB6007AC615 /* ArtworkShow.swift in Sources */ = {isa = PBXBuildFile; fileRef = 0911CB2E2E7AADB6007AC615 /* ArtworkShow.swift */; };
		0911CB312E7AADC4007AC615 /* ArtworkShowType.swift in Sources */ = {isa = PBXBuildFile; fileRef = 0911CB302E7AADC4007AC615 /* ArtworkShowType.swift */; };
		0911CB332E7AAF4F007AC615 /* ArtworkDetailsServicing.swift in Sources */ = {isa = PBXBuildFile; fileRef = 0911CB322E7AAF4F007AC615 /* ArtworkDetailsServicing.swift */; };
		0911CB352E7AAF5F007AC615 /* ArtworkDetailsService.swift in Sources */ = {isa = PBXBuildFile; fileRef = 0911CB342E7AAF5F007AC615 /* ArtworkDetailsService.swift */; };
		0911CB372E7AAF71007AC615 /* ArtworkDetailsServiceFactory.swift in Sources */ = {isa = PBXBuildFile; fileRef = 0911CB362E7AAF71007AC615 /* ArtworkDetailsServiceFactory.swift */; };
		0911CB3B2E7AB133007AC615 /* ArtworkShowDetails.swift in Sources */ = {isa = PBXBuildFile; fileRef = 0911CB3A2E7AB133007AC615 /* ArtworkShowDetails.swift */; };
		0911CB3D2E7AB144007AC615 /* ArtworkDigitalItemIdentifier.swift in Sources */ = {isa = PBXBuildFile; fileRef = 0911CB3C2E7AB144007AC615 /* ArtworkDigitalItemIdentifier.swift */; };
		0911CB3F2E7AB156007AC615 /* ArtworkDigitalItemIdentifierType.swift in Sources */ = {isa = PBXBuildFile; fileRef = 0911CB3E2E7AB156007AC615 /* ArtworkDigitalItemIdentifierType.swift */; };
		0911CB412E7AB361007AC615 /* ArtworkShowDetailsServicing.swift in Sources */ = {isa = PBXBuildFile; fileRef = 0911CB402E7AB361007AC615 /* ArtworkShowDetailsServicing.swift */; };
		0911CB432E7AB379007AC615 /* ArtworkShowDetailsService.swift in Sources */ = {isa = PBXBuildFile; fileRef = 0911CB422E7AB379007AC615 /* ArtworkShowDetailsService.swift */; };
		0911CB452E7AB38D007AC615 /* ArtworkShowDetailsServiceFactory.swift in Sources */ = {isa = PBXBuildFile; fileRef = 0911CB442E7AB38D007AC615 /* ArtworkShowDetailsServiceFactory.swift */; };
		0911CB572E7ABB61007AC615 /* ArtworkDigitalItem.swift in Sources */ = {isa = PBXBuildFile; fileRef = 0911CB562E7ABB61007AC615 /* ArtworkDigitalItem.swift */; };
		0911CB592E7ABB70007AC615 /* ArtworkDigitalItemAccessPoint.swift in Sources */ = {isa = PBXBuildFile; fileRef = 0911CB582E7ABB70007AC615 /* ArtworkDigitalItemAccessPoint.swift */; };
		0911CB5B2E7ABB81007AC615 /* ArtworkDigitalItemAccessPointType.swift in Sources */ = {isa = PBXBuildFile; fileRef = 0911CB5A2E7ABB81007AC615 /* ArtworkDigitalItemAccessPointType.swift */; };
		0911CB5D2E7ABBAA007AC615 /* ArtworkDigitalItemServicing.swift in Sources */ = {isa = PBXBuildFile; fileRef = 0911CB5C2E7ABBAA007AC615 /* ArtworkDigitalItemServicing.swift */; };
		0911CB5F2E7ABBBD007AC615 /* ArtworkDigitalItemService.swift in Sources */ = {isa = PBXBuildFile; fileRef = 0911CB5E2E7ABBBD007AC615 /* ArtworkDigitalItemService.swift */; };
		0911CB612E7ABBD4007AC615 /* ArtworkDigitalItemServiceFactory.swift in Sources */ = {isa = PBXBuildFile; fileRef = 0911CB602E7ABBD4007AC615 /* ArtworkDigitalItemServiceFactory.swift */; };
		0911CB642E7AC35F007AC615 /* ImageDownloading.swift in Sources */ = {isa = PBXBuildFile; fileRef = 0911CB632E7AC35F007AC615 /* ImageDownloading.swift */; };
		0911CB662E7AC368007AC615 /* ImageDownloader.swift in Sources */ = {isa = PBXBuildFile; fileRef = 0911CB652E7AC368007AC615 /* ImageDownloader.swift */; };
		0911CB682E7AC381007AC615 /* ImageDownloaderFactory.swift in Sources */ = {isa = PBXBuildFile; fileRef = 0911CB672E7AC381007AC615 /* ImageDownloaderFactory.swift */; };
		0911CB6C2E7ACD52007AC615 /* IIIFImageInfo.swift in Sources */ = {isa = PBXBuildFile; fileRef = 0911CB6B2E7ACD52007AC615 /* IIIFImageInfo.swift */; };
		0911CB6E2E7ACD5D007AC615 /* IIIFImageRegion.swift in Sources */ = {isa = PBXBuildFile; fileRef = 0911CB6D2E7ACD5D007AC615 /* IIIFImageRegion.swift */; };
		0911CB702E7ACD66007AC615 /* IIIFImageSize.swift in Sources */ = {isa = PBXBuildFile; fileRef = 0911CB6F2E7ACD66007AC615 /* IIIFImageSize.swift */; };
		0911CB722E7ACD6F007AC615 /* IIIFImageFormat.swift in Sources */ = {isa = PBXBuildFile; fileRef = 0911CB712E7ACD6F007AC615 /* IIIFImageFormat.swift */; };
		0911CB742E7ACD76007AC615 /* IIIFImageQuality.swift in Sources */ = {isa = PBXBuildFile; fileRef = 0911CB732E7ACD76007AC615 /* IIIFImageQuality.swift */; };
		0911CB762E7ACD80007AC615 /* IIIFImageDownloading.swift in Sources */ = {isa = PBXBuildFile; fileRef = 0911CB752E7ACD80007AC615 /* IIIFImageDownloading.swift */; };
		0911CB782E7ACD8A007AC615 /* IIIFImageDownloader.swift in Sources */ = {isa = PBXBuildFile; fileRef = 0911CB772E7ACD8A007AC615 /* IIIFImageDownloader.swift */; };
		0911CB7A2E7ACD95007AC615 /* IIIFImageDownloaderFactory.swift in Sources */ = {isa = PBXBuildFile; fileRef = 0911CB792E7ACD95007AC615 /* IIIFImageDownloaderFactory.swift */; };
		0911CB7D2E7ACE4B007AC615 /* IIIFImageURLBuilding.swift in Sources */ = {isa = PBXBuildFile; fileRef = 0911CB7C2E7ACE4B007AC615 /* IIIFImageURLBuilding.swift */; };
		0911CB812E7ACE6F007AC615 /* IIIFImageURLBuilder.swift in Sources */ = {isa = PBXBuildFile; fileRef = 0911CB802E7ACE6F007AC615 /* IIIFImageURLBuilder.swift */; };
		0911CBBF2E7AD4A1007AC615 /* NetworkServiceURLProtocol.swift in Sources */ = {isa = PBXBuildFile; fileRef = 0911CBBB2E7AD4A1007AC615 /* NetworkServiceURLProtocol.swift */; };
		0911CBC02E7AD4A1007AC615 /* NetworkServiceTargetURL.swift in Sources */ = {isa = PBXBuildFile; fileRef = 0911CBBD2E7AD4A1007AC615 /* NetworkServiceTargetURL.swift */; };
		0911CBC12E7AD4A1007AC615 /* NetworkServiceTargetURLBehaviour.swift in Sources */ = {isa = PBXBuildFile; fileRef = 0911CBBE2E7AD4A1007AC615 /* NetworkServiceTargetURLBehaviour.swift */; };
		0911CBC62E7AD896007AC615 /* ArtworkDetailsServiceTests.swift in Sources */ = {isa = PBXBuildFile; fileRef = 0911CBC52E7AD896007AC615 /* ArtworkDetailsServiceTests.swift */; };
		0911CBC82E7AD8A8007AC615 /* ArtworkCollectionServiceTests.swift in Sources */ = {isa = PBXBuildFile; fileRef = 0911CBC72E7AD8A8007AC615 /* ArtworkCollectionServiceTests.swift */; };
		0911CBCA2E7AD8CC007AC615 /* DefaultIIIFImageURLBuilderTests.swift in Sources */ = {isa = PBXBuildFile; fileRef = 0911CBC92E7AD8CC007AC615 /* DefaultIIIFImageURLBuilderTests.swift */; };
		0911CC032E7B26B9007AC615 /* ArtworkCollectionViewDataSource.swift in Sources */ = {isa = PBXBuildFile; fileRef = 0911CC012E7B269B007AC615 /* ArtworkCollectionViewDataSource.swift */; };
		0911CC042E7B26BC007AC615 /* ArtworkCollectionViewModelFactory.swift in Sources */ = {isa = PBXBuildFile; fileRef = 0911CBFA2E7B25F9007AC615 /* ArtworkCollectionViewModelFactory.swift */; };
		0911CC052E7B26BF007AC615 /* ArtworkCollectionViewModel.swift in Sources */ = {isa = PBXBuildFile; fileRef = 0911CBF82E7B25F0007AC615 /* ArtworkCollectionViewModel.swift */; };
		0911CC062E7B26C1007AC615 /* ArtworkCollectionViewModeling.swift in Sources */ = {isa = PBXBuildFile; fileRef = 0911CBF62E7B25E6007AC615 /* ArtworkCollectionViewModeling.swift */; };
		0911CC072E7B26C5007AC615 /* ArtworkCollectionViewDelegate.swift in Sources */ = {isa = PBXBuildFile; fileRef = 0911CBFD2E7B261F007AC615 /* ArtworkCollectionViewDelegate.swift */; };
		0911CC082E7B26C7007AC615 /* ArtworkCollectionViewControllerFactory.swift in Sources */ = {isa = PBXBuildFile; fileRef = 0911CBF32E7B253D007AC615 /* ArtworkCollectionViewControllerFactory.swift */; };
		0911CC092E7B26CA007AC615 /* ArtworkCollectionViewWrapper.swift in Sources */ = {isa = PBXBuildFile; fileRef = 0911CBF12E7B2531007AC615 /* ArtworkCollectionViewWrapper.swift */; };
		0911CC0A2E7B26CD007AC615 /* ArtworkCollectionViewController.swift in Sources */ = {isa = PBXBuildFile; fileRef = 0911CBEF2E7B2521007AC615 /* ArtworkCollectionViewController.swift */; };
		0911CC192E7B2909007AC615 /* ArtworkCollectionItemCellModeling.swift in Sources */ = {isa = PBXBuildFile; fileRef = 0911CC182E7B2909007AC615 /* ArtworkCollectionItemCellModeling.swift */; };
		0911CC1A2E7B2912007AC615 /* ArtworkCollectionItemCellModelFactory.swift in Sources */ = {isa = PBXBuildFile; fileRef = 0911CC152E7B287E007AC615 /* ArtworkCollectionItemCellModelFactory.swift */; };
		0911CC1B2E7B2914007AC615 /* ArtworkCollectionItemCellModel.swift in Sources */ = {isa = PBXBuildFile; fileRef = 0911CC132E7B2876007AC615 /* ArtworkCollectionItemCellModel.swift */; };
		0911CC1E2E7B297D007AC615 /* ArtworkCollectionViewState.swift in Sources */ = {isa = PBXBuildFile; fileRef = 0911CC1D2E7B297D007AC615 /* ArtworkCollectionViewState.swift */; };
		0911CC1F2E7B29E2007AC615 /* ArtworkCollectionItemCell.swift in Sources */ = {isa = PBXBuildFile; fileRef = 0911CC0F2E7B2818007AC615 /* ArtworkCollectionItemCell.swift */; };
		0911CC3A2E7BEC0C007AC615 /* ArtworkCollectionItemCellVisibilityMapper.swift in Sources */ = {isa = PBXBuildFile; fileRef = 0911CC392E7BEC0C007AC615 /* ArtworkCollectionItemCellVisibilityMapper.swift */; };
		0911CC3D2E7BEC49007AC615 /* ArtworkItemDataLoading.swift in Sources */ = {isa = PBXBuildFile; fileRef = 0911CC3C2E7BEC49007AC615 /* ArtworkItemDataLoading.swift */; };
		0911CC3F2E7BEC64007AC615 /* ArtworkItemDataLoader.swift in Sources */ = {isa = PBXBuildFile; fileRef = 0911CC3E2E7BEC64007AC615 /* ArtworkItemDataLoader.swift */; };
		0911CC412E7BEC77007AC615 /* ArtworkItemDataLoaderFactory.swift in Sources */ = {isa = PBXBuildFile; fileRef = 0911CC402E7BEC77007AC615 /* ArtworkItemDataLoaderFactory.swift */; };
		0911CC442E7BEC96007AC615 /* ArtworkItemDataLoaderState.swift in Sources */ = {isa = PBXBuildFile; fileRef = 0911CC432E7BEC96007AC615 /* ArtworkItemDataLoaderState.swift */; };
		0911CC482E7BECBA007AC615 /* ArtworkItemDataLoaderError.swift in Sources */ = {isa = PBXBuildFile; fileRef = 0911CC472E7BECBA007AC615 /* ArtworkItemDataLoaderError.swift */; };
		0911CC4C2E7BED1A007AC615 /* ArtworkImageLoading.swift in Sources */ = {isa = PBXBuildFile; fileRef = 0911CC4B2E7BED1A007AC615 /* ArtworkImageLoading.swift */; };
		0911CC4E2E7BED28007AC615 /* ArtworkImageLoader.swift in Sources */ = {isa = PBXBuildFile; fileRef = 0911CC4D2E7BED28007AC615 /* ArtworkImageLoader.swift */; };
		0911CC502E7BED35007AC615 /* ArtworkImageLoaderFactory.swift in Sources */ = {isa = PBXBuildFile; fileRef = 0911CC4F2E7BED35007AC615 /* ArtworkImageLoaderFactory.swift */; };
		0911CC532E7C042F007AC615 /* ErrorView.swift in Sources */ = {isa = PBXBuildFile; fileRef = 0911CC522E7C042F007AC615 /* ErrorView.swift */; };
		0911CC562E7C0757007AC615 /* ArtworkCollectionViewVisibility.swift in Sources */ = {isa = PBXBuildFile; fileRef = 0911CC552E7C0757007AC615 /* ArtworkCollectionViewVisibility.swift */; };
		0911CC582E7C075F007AC615 /* ArtworkCollectionViewVisibilityMapper.swift in Sources */ = {isa = PBXBuildFile; fileRef = 0911CC572E7C075F007AC615 /* ArtworkCollectionViewVisibilityMapper.swift */; };
		0911CC5A2E7C143E007AC615 /* ArtworkCollectionItemCellVisibility.swift in Sources */ = {isa = PBXBuildFile; fileRef = 0911CC592E7C143E007AC615 /* ArtworkCollectionItemCellVisibility.swift */; };
		0911CC5E2E7C211D007AC615 /* ArtworkReference.swift in Sources */ = {isa = PBXBuildFile; fileRef = 0911CC5D2E7C211D007AC615 /* ArtworkReference.swift */; };
		0911CC602E7C212B007AC615 /* ArtworkResource.swift in Sources */ = {isa = PBXBuildFile; fileRef = 0911CC5F2E7C212B007AC615 /* ArtworkResource.swift */; };
		0911CC622E7C2140007AC615 /* ArtworkItemDataLoaderStateError.swift in Sources */ = {isa = PBXBuildFile; fileRef = 0911CC612E7C2140007AC615 /* ArtworkItemDataLoaderStateError.swift */; };
		0911CC652E7C22BC007AC615 /* ArtworkCollectionItemCellImageView.swift in Sources */ = {isa = PBXBuildFile; fileRef = 0911CC642E7C22BC007AC615 /* ArtworkCollectionItemCellImageView.swift */; };
		0911CC6C2E7C23DC007AC615 /* ArtworkCollectionItemCellImageViewVisibility.swift in Sources */ = {isa = PBXBuildFile; fileRef = 0911CC6B2E7C23DC007AC615 /* ArtworkCollectionItemCellImageViewVisibility.swift */; };
		0911CC6E2E7C23E5007AC615 /* ArtworkCollectionItemCellImageViewVisibilityMapper.swift in Sources */ = {isa = PBXBuildFile; fileRef = 0911CC6D2E7C23E5007AC615 /* ArtworkCollectionItemCellImageViewVisibilityMapper.swift */; };
		0911CC702E7C23F7007AC615 /* ArtworkCollectionItemCellImageViewState.swift in Sources */ = {isa = PBXBuildFile; fileRef = 0911CC6F2E7C23F7007AC615 /* ArtworkCollectionItemCellImageViewState.swift */; };
		0911CC732E7C2FB9007AC615 /* ArtworkView.swift in Sources */ = {isa = PBXBuildFile; fileRef = 0911CC722E7C2FB9007AC615 /* ArtworkView.swift */; };
		0911CC752E7C2FC5007AC615 /* ArtworkViewFactory.swift in Sources */ = {isa = PBXBuildFile; fileRef = 0911CC742E7C2FC5007AC615 /* ArtworkViewFactory.swift */; };
		0911CC782E7C2FE7007AC615 /* ArtworkViewModeling.swift in Sources */ = {isa = PBXBuildFile; fileRef = 0911CC772E7C2FE7007AC615 /* ArtworkViewModeling.swift */; };
		0911CC7A2E7C2FF0007AC615 /* ArtworkViewModel.swift in Sources */ = {isa = PBXBuildFile; fileRef = 0911CC792E7C2FF0007AC615 /* ArtworkViewModel.swift */; };
		0911CC7C2E7C2FF7007AC615 /* ArtworkViewModelFactory.swift in Sources */ = {isa = PBXBuildFile; fileRef = 0911CC7B2E7C2FF7007AC615 /* ArtworkViewModelFactory.swift */; };
		0911CC7F2E7C3013007AC615 /* ArtworkViewImageState.swift in Sources */ = {isa = PBXBuildFile; fileRef = 0911CC7E2E7C3013007AC615 /* ArtworkViewImageState.swift */; };
		0911CC822E7C3075007AC615 /* ArtworkPreviewViewModel.swift in Sources */ = {isa = PBXBuildFile; fileRef = 0911CC812E7C3075007AC615 /* ArtworkPreviewViewModel.swift */; };
		0911CC862E7C3FE7007AC615 /* ArtworkViewModelTests.swift in Sources */ = {isa = PBXBuildFile; fileRef = 0911CC852E7C3FE7007AC615 /* ArtworkViewModelTests.swift */; };
		0911CC8B2E7C4086007AC615 /* ArtworkImageLoaderSuccessMock.swift in Sources */ = {isa = PBXBuildFile; fileRef = 0911CC8A2E7C4086007AC615 /* ArtworkImageLoaderSuccessMock.swift */; };
		0911CC8D2E7C408F007AC615 /* ArtworkImageLoaderFailureMock.swift in Sources */ = {isa = PBXBuildFile; fileRef = 0911CC8C2E7C408F007AC615 /* ArtworkImageLoaderFailureMock.swift */; };
		0911CCB02E7C5D34007AC615 /* RijksmuseumAHUITestCase.swift in Sources */ = {isa = PBXBuildFile; fileRef = 0911CCA82E7C5D34007AC615 /* RijksmuseumAHUITestCase.swift */; };
		0911CCB32E7C5D34007AC615 /* ArtworkCollectionViewUITests.swift in Sources */ = {isa = PBXBuildFile; fileRef = 0911CCAD2E7C5D34007AC615 /* ArtworkCollectionViewUITests.swift */; };
		0911CCB42E7C5D34007AC615 /* XCUIApplicationFactory.swift in Sources */ = {isa = PBXBuildFile; fileRef = 0911CCAF2E7C5D34007AC615 /* XCUIApplicationFactory.swift */; };
		0911CCB52E7C5D46007AC615 /* ArtworkCollectionItemCellModelMock.swift in Sources */ = {isa = PBXBuildFile; fileRef = 0911CCAA2E7C5D34007AC615 /* ArtworkCollectionItemCellModelMock.swift */; };
		0911CCB62E7C5D48007AC615 /* ArtworkCollectionViewModelMock.swift in Sources */ = {isa = PBXBuildFile; fileRef = 0911CCAB2E7C5D34007AC615 /* ArtworkCollectionViewModelMock.swift */; };
		0911CCB72E7C5D4D007AC615 /* RijksmuseumAHUITestCase.swift in Sources */ = {isa = PBXBuildFile; fileRef = 0911CCA82E7C5D34007AC615 /* RijksmuseumAHUITestCase.swift */; };
		0911CCBB2E7C5E45007AC615 /* ArtworkCollectionViewAccessibilityIdentifier.swift in Sources */ = {isa = PBXBuildFile; fileRef = 0911CCBA2E7C5E45007AC615 /* ArtworkCollectionViewAccessibilityIdentifier.swift */; };
		0911CCBC2E7C5E6E007AC615 /* ArtworkCollectionViewAccessibilityIdentifier.swift in Sources */ = {isa = PBXBuildFile; fileRef = 0911CCBA2E7C5E45007AC615 /* ArtworkCollectionViewAccessibilityIdentifier.swift */; };
		0911CCBF2E7C61DB007AC615 /* ArtworkViewUITests.swift in Sources */ = {isa = PBXBuildFile; fileRef = 0911CCBE2E7C61DB007AC615 /* ArtworkViewUITests.swift */; };
		0911CCC22E7C6219007AC615 /* ArtworkViewAccessibilityIdentifier.swift in Sources */ = {isa = PBXBuildFile; fileRef = 0911CCC12E7C6219007AC615 /* ArtworkViewAccessibilityIdentifier.swift */; };
		0911CCC32E7C6245007AC615 /* ArtworkViewAccessibilityIdentifier.swift in Sources */ = {isa = PBXBuildFile; fileRef = 0911CCC12E7C6219007AC615 /* ArtworkViewAccessibilityIdentifier.swift */; };
		0911CCC62E7C62F6007AC615 /* ArtworkViewModelMock.swift in Sources */ = {isa = PBXBuildFile; fileRef = 0911CCC42E7C62EC007AC615 /* ArtworkViewModelMock.swift */; };
		0911CCC92E7C639B007AC615 /* ArtworkImageDataGenerator.swift in Sources */ = {isa = PBXBuildFile; fileRef = 0911CCC72E7C6386007AC615 /* ArtworkImageDataGenerator.swift */; };
		0911CCCD2E7C66B3007AC615 /* TestEnvironmentBuilder.swift in Sources */ = {isa = PBXBuildFile; fileRef = 0911CCCC2E7C66B3007AC615 /* TestEnvironmentBuilder.swift */; };
		0911CCCE2E7C67C9007AC615 /* TestEnvironmentBuilder.swift in Sources */ = {isa = PBXBuildFile; fileRef = 0911CCCC2E7C66B3007AC615 /* TestEnvironmentBuilder.swift */; };
/* End PBXBuildFile section */

/* Begin PBXContainerItemProxy section */
		0911CAF32E7AA40C007AC615 /* PBXContainerItemProxy */ = {
			isa = PBXContainerItemProxy;
			containerPortal = 0911CADA2E7AA40A007AC615 /* Project object */;
			proxyType = 1;
			remoteGlobalIDString = 0911CAE12E7AA40A007AC615;
			remoteInfo = RijksmuseumAH;
		};
		0911CAFD2E7AA40C007AC615 /* PBXContainerItemProxy */ = {
			isa = PBXContainerItemProxy;
			containerPortal = 0911CADA2E7AA40A007AC615 /* Project object */;
			proxyType = 1;
			remoteGlobalIDString = 0911CAE12E7AA40A007AC615;
			remoteInfo = RijksmuseumAH;
		};
/* End PBXContainerItemProxy section */

/* Begin PBXFileReference section */
		0911CAE22E7AA40A007AC615 /* RijksmuseumAH.app */ = {isa = PBXFileReference; explicitFileType = wrapper.application; includeInIndex = 0; path = RijksmuseumAH.app; sourceTree = BUILT_PRODUCTS_DIR; };
		0911CAE52E7AA40A007AC615 /* RijksmuseumAHApp.swift */ = {isa = PBXFileReference; lastKnownFileType = sourcecode.swift; path = RijksmuseumAHApp.swift; sourceTree = "<group>"; };
		0911CAE72E7AA40A007AC615 /* ContentView.swift */ = {isa = PBXFileReference; lastKnownFileType = sourcecode.swift; path = ContentView.swift; sourceTree = "<group>"; };
		0911CAE92E7AA40C007AC615 /* Assets.xcassets */ = {isa = PBXFileReference; lastKnownFileType = folder.assetcatalog; path = Assets.xcassets; sourceTree = "<group>"; };
		0911CAEC2E7AA40C007AC615 /* Preview Assets.xcassets */ = {isa = PBXFileReference; lastKnownFileType = folder.assetcatalog; path = "Preview Assets.xcassets"; sourceTree = "<group>"; };
		0911CAF22E7AA40C007AC615 /* RijksmuseumAHTests.xctest */ = {isa = PBXFileReference; explicitFileType = wrapper.cfbundle; includeInIndex = 0; path = RijksmuseumAHTests.xctest; sourceTree = BUILT_PRODUCTS_DIR; };
		0911CAFC2E7AA40C007AC615 /* RijksmuseumAHUITests.xctest */ = {isa = PBXFileReference; explicitFileType = wrapper.cfbundle; includeInIndex = 0; path = RijksmuseumAHUITests.xctest; sourceTree = BUILT_PRODUCTS_DIR; };
		0911CB122E7AA64C007AC615 /* FailableDecodable.swift */ = {isa = PBXFileReference; lastKnownFileType = sourcecode.swift; path = FailableDecodable.swift; sourceTree = "<group>"; };
		0911CB152E7AA72E007AC615 /* ArtworkCollectionServicing.swift */ = {isa = PBXFileReference; lastKnownFileType = sourcecode.swift; path = ArtworkCollectionServicing.swift; sourceTree = "<group>"; };
		0911CB182E7AA751007AC615 /* ArtworkCollection.swift */ = {isa = PBXFileReference; lastKnownFileType = sourcecode.swift; path = ArtworkCollection.swift; sourceTree = "<group>"; };
		0911CB1A2E7AA76B007AC615 /* ArtworkNextCollection.swift */ = {isa = PBXFileReference; lastKnownFileType = sourcecode.swift; path = ArtworkNextCollection.swift; sourceTree = "<group>"; };
		0911CB1C2E7AA782007AC615 /* ArtworkNextCollectionType.swift */ = {isa = PBXFileReference; lastKnownFileType = sourcecode.swift; path = ArtworkNextCollectionType.swift; sourceTree = "<group>"; };
		0911CB1E2E7AA801007AC615 /* ArtworkItem.swift */ = {isa = PBXFileReference; lastKnownFileType = sourcecode.swift; path = ArtworkItem.swift; sourceTree = "<group>"; };
		0911CB202E7AA82A007AC615 /* ArtworkItemType.swift */ = {isa = PBXFileReference; lastKnownFileType = sourcecode.swift; path = ArtworkItemType.swift; sourceTree = "<group>"; };
		0911CB222E7AA8EF007AC615 /* ArtworkCollectionService.swift */ = {isa = PBXFileReference; lastKnownFileType = sourcecode.swift; path = ArtworkCollectionService.swift; sourceTree = "<group>"; };
		0911CB242E7AAA5B007AC615 /* ArtworkCollectionServiceFactory.swift */ = {isa = PBXFileReference; lastKnownFileType = sourcecode.swift; path = ArtworkCollectionServiceFactory.swift; sourceTree = "<group>"; };
		0911CB282E7AAD7B007AC615 /* ArtworkDetails.swift */ = {isa = PBXFileReference; lastKnownFileType = sourcecode.swift; path = ArtworkDetails.swift; sourceTree = "<group>"; };
		0911CB2A2E7AAD94007AC615 /* ArtworkIdentifier.swift */ = {isa = PBXFileReference; lastKnownFileType = sourcecode.swift; path = ArtworkIdentifier.swift; sourceTree = "<group>"; };
		0911CB2C2E7AADA5007AC615 /* ArtworkIdentifierType.swift */ = {isa = PBXFileReference; lastKnownFileType = sourcecode.swift; path = ArtworkIdentifierType.swift; sourceTree = "<group>"; };
		0911CB2E2E7AADB6007AC615 /* ArtworkShow.swift */ = {isa = PBXFileReference; lastKnownFileType = sourcecode.swift; path = ArtworkShow.swift; sourceTree = "<group>"; };
		0911CB302E7AADC4007AC615 /* ArtworkShowType.swift */ = {isa = PBXFileReference; lastKnownFileType = sourcecode.swift; path = ArtworkShowType.swift; sourceTree = "<group>"; };
		0911CB322E7AAF4F007AC615 /* ArtworkDetailsServicing.swift */ = {isa = PBXFileReference; lastKnownFileType = sourcecode.swift; path = ArtworkDetailsServicing.swift; sourceTree = "<group>"; };
		0911CB342E7AAF5F007AC615 /* ArtworkDetailsService.swift */ = {isa = PBXFileReference; lastKnownFileType = sourcecode.swift; path = ArtworkDetailsService.swift; sourceTree = "<group>"; };
		0911CB362E7AAF71007AC615 /* ArtworkDetailsServiceFactory.swift */ = {isa = PBXFileReference; lastKnownFileType = sourcecode.swift; path = ArtworkDetailsServiceFactory.swift; sourceTree = "<group>"; };
		0911CB3A2E7AB133007AC615 /* ArtworkShowDetails.swift */ = {isa = PBXFileReference; lastKnownFileType = sourcecode.swift; path = ArtworkShowDetails.swift; sourceTree = "<group>"; };
		0911CB3C2E7AB144007AC615 /* ArtworkDigitalItemIdentifier.swift */ = {isa = PBXFileReference; lastKnownFileType = sourcecode.swift; path = ArtworkDigitalItemIdentifier.swift; sourceTree = "<group>"; };
		0911CB3E2E7AB156007AC615 /* ArtworkDigitalItemIdentifierType.swift */ = {isa = PBXFileReference; lastKnownFileType = sourcecode.swift; path = ArtworkDigitalItemIdentifierType.swift; sourceTree = "<group>"; };
		0911CB402E7AB361007AC615 /* ArtworkShowDetailsServicing.swift */ = {isa = PBXFileReference; lastKnownFileType = sourcecode.swift; path = ArtworkShowDetailsServicing.swift; sourceTree = "<group>"; };
		0911CB422E7AB379007AC615 /* ArtworkShowDetailsService.swift */ = {isa = PBXFileReference; lastKnownFileType = sourcecode.swift; path = ArtworkShowDetailsService.swift; sourceTree = "<group>"; };
		0911CB442E7AB38D007AC615 /* ArtworkShowDetailsServiceFactory.swift */ = {isa = PBXFileReference; lastKnownFileType = sourcecode.swift; path = ArtworkShowDetailsServiceFactory.swift; sourceTree = "<group>"; };
		0911CB562E7ABB61007AC615 /* ArtworkDigitalItem.swift */ = {isa = PBXFileReference; lastKnownFileType = sourcecode.swift; path = ArtworkDigitalItem.swift; sourceTree = "<group>"; };
		0911CB582E7ABB70007AC615 /* ArtworkDigitalItemAccessPoint.swift */ = {isa = PBXFileReference; lastKnownFileType = sourcecode.swift; path = ArtworkDigitalItemAccessPoint.swift; sourceTree = "<group>"; };
		0911CB5A2E7ABB81007AC615 /* ArtworkDigitalItemAccessPointType.swift */ = {isa = PBXFileReference; lastKnownFileType = sourcecode.swift; path = ArtworkDigitalItemAccessPointType.swift; sourceTree = "<group>"; };
		0911CB5C2E7ABBAA007AC615 /* ArtworkDigitalItemServicing.swift */ = {isa = PBXFileReference; lastKnownFileType = sourcecode.swift; path = ArtworkDigitalItemServicing.swift; sourceTree = "<group>"; };
		0911CB5E2E7ABBBD007AC615 /* ArtworkDigitalItemService.swift */ = {isa = PBXFileReference; lastKnownFileType = sourcecode.swift; path = ArtworkDigitalItemService.swift; sourceTree = "<group>"; };
		0911CB602E7ABBD4007AC615 /* ArtworkDigitalItemServiceFactory.swift */ = {isa = PBXFileReference; lastKnownFileType = sourcecode.swift; path = ArtworkDigitalItemServiceFactory.swift; sourceTree = "<group>"; };
		0911CB632E7AC35F007AC615 /* ImageDownloading.swift */ = {isa = PBXFileReference; lastKnownFileType = sourcecode.swift; path = ImageDownloading.swift; sourceTree = "<group>"; };
		0911CB652E7AC368007AC615 /* ImageDownloader.swift */ = {isa = PBXFileReference; lastKnownFileType = sourcecode.swift; path = ImageDownloader.swift; sourceTree = "<group>"; };
		0911CB672E7AC381007AC615 /* ImageDownloaderFactory.swift */ = {isa = PBXFileReference; lastKnownFileType = sourcecode.swift; path = ImageDownloaderFactory.swift; sourceTree = "<group>"; };
		0911CB6B2E7ACD52007AC615 /* IIIFImageInfo.swift */ = {isa = PBXFileReference; lastKnownFileType = sourcecode.swift; path = IIIFImageInfo.swift; sourceTree = "<group>"; };
		0911CB6D2E7ACD5D007AC615 /* IIIFImageRegion.swift */ = {isa = PBXFileReference; lastKnownFileType = sourcecode.swift; path = IIIFImageRegion.swift; sourceTree = "<group>"; };
		0911CB6F2E7ACD66007AC615 /* IIIFImageSize.swift */ = {isa = PBXFileReference; lastKnownFileType = sourcecode.swift; path = IIIFImageSize.swift; sourceTree = "<group>"; };
		0911CB712E7ACD6F007AC615 /* IIIFImageFormat.swift */ = {isa = PBXFileReference; lastKnownFileType = sourcecode.swift; path = IIIFImageFormat.swift; sourceTree = "<group>"; };
		0911CB732E7ACD76007AC615 /* IIIFImageQuality.swift */ = {isa = PBXFileReference; lastKnownFileType = sourcecode.swift; path = IIIFImageQuality.swift; sourceTree = "<group>"; };
		0911CB752E7ACD80007AC615 /* IIIFImageDownloading.swift */ = {isa = PBXFileReference; lastKnownFileType = sourcecode.swift; path = IIIFImageDownloading.swift; sourceTree = "<group>"; };
		0911CB772E7ACD8A007AC615 /* IIIFImageDownloader.swift */ = {isa = PBXFileReference; lastKnownFileType = sourcecode.swift; path = IIIFImageDownloader.swift; sourceTree = "<group>"; };
		0911CB792E7ACD95007AC615 /* IIIFImageDownloaderFactory.swift */ = {isa = PBXFileReference; lastKnownFileType = sourcecode.swift; path = IIIFImageDownloaderFactory.swift; sourceTree = "<group>"; };
		0911CB7C2E7ACE4B007AC615 /* IIIFImageURLBuilding.swift */ = {isa = PBXFileReference; lastKnownFileType = sourcecode.swift; path = IIIFImageURLBuilding.swift; sourceTree = "<group>"; };
		0911CB802E7ACE6F007AC615 /* IIIFImageURLBuilder.swift */ = {isa = PBXFileReference; lastKnownFileType = sourcecode.swift; path = IIIFImageURLBuilder.swift; sourceTree = "<group>"; };
		0911CBBB2E7AD4A1007AC615 /* NetworkServiceURLProtocol.swift */ = {isa = PBXFileReference; fileEncoding = 4; lastKnownFileType = sourcecode.swift; path = NetworkServiceURLProtocol.swift; sourceTree = "<group>"; };
		0911CBBD2E7AD4A1007AC615 /* NetworkServiceTargetURL.swift */ = {isa = PBXFileReference; fileEncoding = 4; lastKnownFileType = sourcecode.swift; path = NetworkServiceTargetURL.swift; sourceTree = "<group>"; };
		0911CBBE2E7AD4A1007AC615 /* NetworkServiceTargetURLBehaviour.swift */ = {isa = PBXFileReference; fileEncoding = 4; lastKnownFileType = sourcecode.swift; path = NetworkServiceTargetURLBehaviour.swift; sourceTree = "<group>"; };
		0911CBC52E7AD896007AC615 /* ArtworkDetailsServiceTests.swift */ = {isa = PBXFileReference; lastKnownFileType = sourcecode.swift; path = ArtworkDetailsServiceTests.swift; sourceTree = "<group>"; };
		0911CBC72E7AD8A8007AC615 /* ArtworkCollectionServiceTests.swift */ = {isa = PBXFileReference; lastKnownFileType = sourcecode.swift; path = ArtworkCollectionServiceTests.swift; sourceTree = "<group>"; };
		0911CBC92E7AD8CC007AC615 /* DefaultIIIFImageURLBuilderTests.swift */ = {isa = PBXFileReference; lastKnownFileType = sourcecode.swift; path = DefaultIIIFImageURLBuilderTests.swift; sourceTree = "<group>"; };
		0911CBEF2E7B2521007AC615 /* ArtworkCollectionViewController.swift */ = {isa = PBXFileReference; lastKnownFileType = sourcecode.swift; path = ArtworkCollectionViewController.swift; sourceTree = "<group>"; };
		0911CBF12E7B2531007AC615 /* ArtworkCollectionViewWrapper.swift */ = {isa = PBXFileReference; lastKnownFileType = sourcecode.swift; path = ArtworkCollectionViewWrapper.swift; sourceTree = "<group>"; };
		0911CBF32E7B253D007AC615 /* ArtworkCollectionViewControllerFactory.swift */ = {isa = PBXFileReference; lastKnownFileType = sourcecode.swift; path = ArtworkCollectionViewControllerFactory.swift; sourceTree = "<group>"; };
		0911CBF62E7B25E6007AC615 /* ArtworkCollectionViewModeling.swift */ = {isa = PBXFileReference; lastKnownFileType = sourcecode.swift; path = ArtworkCollectionViewModeling.swift; sourceTree = "<group>"; };
		0911CBF82E7B25F0007AC615 /* ArtworkCollectionViewModel.swift */ = {isa = PBXFileReference; lastKnownFileType = sourcecode.swift; path = ArtworkCollectionViewModel.swift; sourceTree = "<group>"; };
		0911CBFA2E7B25F9007AC615 /* ArtworkCollectionViewModelFactory.swift */ = {isa = PBXFileReference; lastKnownFileType = sourcecode.swift; path = ArtworkCollectionViewModelFactory.swift; sourceTree = "<group>"; };
		0911CBFD2E7B261F007AC615 /* ArtworkCollectionViewDelegate.swift */ = {isa = PBXFileReference; lastKnownFileType = sourcecode.swift; path = ArtworkCollectionViewDelegate.swift; sourceTree = "<group>"; };
		0911CC012E7B269B007AC615 /* ArtworkCollectionViewDataSource.swift */ = {isa = PBXFileReference; lastKnownFileType = sourcecode.swift; path = ArtworkCollectionViewDataSource.swift; sourceTree = "<group>"; };
		0911CC0F2E7B2818007AC615 /* ArtworkCollectionItemCell.swift */ = {isa = PBXFileReference; lastKnownFileType = sourcecode.swift; path = ArtworkCollectionItemCell.swift; sourceTree = "<group>"; };
		0911CC132E7B2876007AC615 /* ArtworkCollectionItemCellModel.swift */ = {isa = PBXFileReference; lastKnownFileType = sourcecode.swift; path = ArtworkCollectionItemCellModel.swift; sourceTree = "<group>"; };
		0911CC152E7B287E007AC615 /* ArtworkCollectionItemCellModelFactory.swift */ = {isa = PBXFileReference; lastKnownFileType = sourcecode.swift; path = ArtworkCollectionItemCellModelFactory.swift; sourceTree = "<group>"; };
		0911CC182E7B2909007AC615 /* ArtworkCollectionItemCellModeling.swift */ = {isa = PBXFileReference; lastKnownFileType = sourcecode.swift; path = ArtworkCollectionItemCellModeling.swift; sourceTree = "<group>"; };
		0911CC1D2E7B297D007AC615 /* ArtworkCollectionViewState.swift */ = {isa = PBXFileReference; lastKnownFileType = sourcecode.swift; path = ArtworkCollectionViewState.swift; sourceTree = "<group>"; };
		0911CC392E7BEC0C007AC615 /* ArtworkCollectionItemCellVisibilityMapper.swift */ = {isa = PBXFileReference; lastKnownFileType = sourcecode.swift; path = ArtworkCollectionItemCellVisibilityMapper.swift; sourceTree = "<group>"; };
		0911CC3C2E7BEC49007AC615 /* ArtworkItemDataLoading.swift */ = {isa = PBXFileReference; lastKnownFileType = sourcecode.swift; path = ArtworkItemDataLoading.swift; sourceTree = "<group>"; };
		0911CC3E2E7BEC64007AC615 /* ArtworkItemDataLoader.swift */ = {isa = PBXFileReference; lastKnownFileType = sourcecode.swift; path = ArtworkItemDataLoader.swift; sourceTree = "<group>"; };
		0911CC402E7BEC77007AC615 /* ArtworkItemDataLoaderFactory.swift */ = {isa = PBXFileReference; lastKnownFileType = sourcecode.swift; path = ArtworkItemDataLoaderFactory.swift; sourceTree = "<group>"; };
		0911CC432E7BEC96007AC615 /* ArtworkItemDataLoaderState.swift */ = {isa = PBXFileReference; lastKnownFileType = sourcecode.swift; path = ArtworkItemDataLoaderState.swift; sourceTree = "<group>"; };
		0911CC472E7BECBA007AC615 /* ArtworkItemDataLoaderError.swift */ = {isa = PBXFileReference; lastKnownFileType = sourcecode.swift; path = ArtworkItemDataLoaderError.swift; sourceTree = "<group>"; };
		0911CC4B2E7BED1A007AC615 /* ArtworkImageLoading.swift */ = {isa = PBXFileReference; lastKnownFileType = sourcecode.swift; path = ArtworkImageLoading.swift; sourceTree = "<group>"; };
		0911CC4D2E7BED28007AC615 /* ArtworkImageLoader.swift */ = {isa = PBXFileReference; lastKnownFileType = sourcecode.swift; path = ArtworkImageLoader.swift; sourceTree = "<group>"; };
		0911CC4F2E7BED35007AC615 /* ArtworkImageLoaderFactory.swift */ = {isa = PBXFileReference; lastKnownFileType = sourcecode.swift; path = ArtworkImageLoaderFactory.swift; sourceTree = "<group>"; };
		0911CC522E7C042F007AC615 /* ErrorView.swift */ = {isa = PBXFileReference; lastKnownFileType = sourcecode.swift; path = ErrorView.swift; sourceTree = "<group>"; };
		0911CC552E7C0757007AC615 /* ArtworkCollectionViewVisibility.swift */ = {isa = PBXFileReference; lastKnownFileType = sourcecode.swift; path = ArtworkCollectionViewVisibility.swift; sourceTree = "<group>"; };
		0911CC572E7C075F007AC615 /* ArtworkCollectionViewVisibilityMapper.swift */ = {isa = PBXFileReference; lastKnownFileType = sourcecode.swift; path = ArtworkCollectionViewVisibilityMapper.swift; sourceTree = "<group>"; };
		0911CC592E7C143E007AC615 /* ArtworkCollectionItemCellVisibility.swift */ = {isa = PBXFileReference; fileEncoding = 4; lastKnownFileType = sourcecode.swift; path = ArtworkCollectionItemCellVisibility.swift; sourceTree = "<group>"; };
		0911CC5D2E7C211D007AC615 /* ArtworkReference.swift */ = {isa = PBXFileReference; lastKnownFileType = sourcecode.swift; path = ArtworkReference.swift; sourceTree = "<group>"; };
		0911CC5F2E7C212B007AC615 /* ArtworkResource.swift */ = {isa = PBXFileReference; lastKnownFileType = sourcecode.swift; path = ArtworkResource.swift; sourceTree = "<group>"; };
		0911CC612E7C2140007AC615 /* ArtworkItemDataLoaderStateError.swift */ = {isa = PBXFileReference; lastKnownFileType = sourcecode.swift; path = ArtworkItemDataLoaderStateError.swift; sourceTree = "<group>"; };
		0911CC642E7C22BC007AC615 /* ArtworkCollectionItemCellImageView.swift */ = {isa = PBXFileReference; lastKnownFileType = sourcecode.swift; path = ArtworkCollectionItemCellImageView.swift; sourceTree = "<group>"; };
		0911CC6B2E7C23DC007AC615 /* ArtworkCollectionItemCellImageViewVisibility.swift */ = {isa = PBXFileReference; lastKnownFileType = sourcecode.swift; path = ArtworkCollectionItemCellImageViewVisibility.swift; sourceTree = "<group>"; };
		0911CC6D2E7C23E5007AC615 /* ArtworkCollectionItemCellImageViewVisibilityMapper.swift */ = {isa = PBXFileReference; lastKnownFileType = sourcecode.swift; path = ArtworkCollectionItemCellImageViewVisibilityMapper.swift; sourceTree = "<group>"; };
		0911CC6F2E7C23F7007AC615 /* ArtworkCollectionItemCellImageViewState.swift */ = {isa = PBXFileReference; lastKnownFileType = sourcecode.swift; path = ArtworkCollectionItemCellImageViewState.swift; sourceTree = "<group>"; };
		0911CC722E7C2FB9007AC615 /* ArtworkView.swift */ = {isa = PBXFileReference; lastKnownFileType = sourcecode.swift; path = ArtworkView.swift; sourceTree = "<group>"; };
		0911CC742E7C2FC5007AC615 /* ArtworkViewFactory.swift */ = {isa = PBXFileReference; lastKnownFileType = sourcecode.swift; path = ArtworkViewFactory.swift; sourceTree = "<group>"; };
		0911CC772E7C2FE7007AC615 /* ArtworkViewModeling.swift */ = {isa = PBXFileReference; lastKnownFileType = sourcecode.swift; path = ArtworkViewModeling.swift; sourceTree = "<group>"; };
		0911CC792E7C2FF0007AC615 /* ArtworkViewModel.swift */ = {isa = PBXFileReference; lastKnownFileType = sourcecode.swift; path = ArtworkViewModel.swift; sourceTree = "<group>"; };
		0911CC7B2E7C2FF7007AC615 /* ArtworkViewModelFactory.swift */ = {isa = PBXFileReference; lastKnownFileType = sourcecode.swift; path = ArtworkViewModelFactory.swift; sourceTree = "<group>"; };
		0911CC7E2E7C3013007AC615 /* ArtworkViewImageState.swift */ = {isa = PBXFileReference; lastKnownFileType = sourcecode.swift; path = ArtworkViewImageState.swift; sourceTree = "<group>"; };
		0911CC812E7C3075007AC615 /* ArtworkPreviewViewModel.swift */ = {isa = PBXFileReference; lastKnownFileType = sourcecode.swift; path = ArtworkPreviewViewModel.swift; sourceTree = "<group>"; };
		0911CC852E7C3FE7007AC615 /* ArtworkViewModelTests.swift */ = {isa = PBXFileReference; lastKnownFileType = sourcecode.swift; path = ArtworkViewModelTests.swift; sourceTree = "<group>"; };
		0911CC8A2E7C4086007AC615 /* ArtworkImageLoaderSuccessMock.swift */ = {isa = PBXFileReference; lastKnownFileType = sourcecode.swift; path = ArtworkImageLoaderSuccessMock.swift; sourceTree = "<group>"; };
		0911CC8C2E7C408F007AC615 /* ArtworkImageLoaderFailureMock.swift */ = {isa = PBXFileReference; lastKnownFileType = sourcecode.swift; path = ArtworkImageLoaderFailureMock.swift; sourceTree = "<group>"; };
		0911CCA82E7C5D34007AC615 /* RijksmuseumAHUITestCase.swift */ = {isa = PBXFileReference; fileEncoding = 4; lastKnownFileType = sourcecode.swift; path = RijksmuseumAHUITestCase.swift; sourceTree = "<group>"; };
		0911CCAA2E7C5D34007AC615 /* ArtworkCollectionItemCellModelMock.swift */ = {isa = PBXFileReference; fileEncoding = 4; lastKnownFileType = sourcecode.swift; path = ArtworkCollectionItemCellModelMock.swift; sourceTree = "<group>"; };
		0911CCAB2E7C5D34007AC615 /* ArtworkCollectionViewModelMock.swift */ = {isa = PBXFileReference; fileEncoding = 4; lastKnownFileType = sourcecode.swift; path = ArtworkCollectionViewModelMock.swift; sourceTree = "<group>"; };
		0911CCAD2E7C5D34007AC615 /* ArtworkCollectionViewUITests.swift */ = {isa = PBXFileReference; fileEncoding = 4; lastKnownFileType = sourcecode.swift; path = ArtworkCollectionViewUITests.swift; sourceTree = "<group>"; };
		0911CCAF2E7C5D34007AC615 /* XCUIApplicationFactory.swift */ = {isa = PBXFileReference; fileEncoding = 4; lastKnownFileType = sourcecode.swift; path = XCUIApplicationFactory.swift; sourceTree = "<group>"; };
		0911CCBA2E7C5E45007AC615 /* ArtworkCollectionViewAccessibilityIdentifier.swift */ = {isa = PBXFileReference; lastKnownFileType = sourcecode.swift; path = ArtworkCollectionViewAccessibilityIdentifier.swift; sourceTree = "<group>"; };
		0911CCBE2E7C61DB007AC615 /* ArtworkViewUITests.swift */ = {isa = PBXFileReference; lastKnownFileType = sourcecode.swift; path = ArtworkViewUITests.swift; sourceTree = "<group>"; };
		0911CCC12E7C6219007AC615 /* ArtworkViewAccessibilityIdentifier.swift */ = {isa = PBXFileReference; lastKnownFileType = sourcecode.swift; path = ArtworkViewAccessibilityIdentifier.swift; sourceTree = "<group>"; };
		0911CCC42E7C62EC007AC615 /* ArtworkViewModelMock.swift */ = {isa = PBXFileReference; lastKnownFileType = sourcecode.swift; path = ArtworkViewModelMock.swift; sourceTree = "<group>"; };
		0911CCC72E7C6386007AC615 /* ArtworkImageDataGenerator.swift */ = {isa = PBXFileReference; lastKnownFileType = sourcecode.swift; path = ArtworkImageDataGenerator.swift; sourceTree = "<group>"; };
		0911CCCC2E7C66B3007AC615 /* TestEnvironmentBuilder.swift */ = {isa = PBXFileReference; lastKnownFileType = sourcecode.swift; path = TestEnvironmentBuilder.swift; sourceTree = "<group>"; };
/* End PBXFileReference section */

/* Begin PBXFrameworksBuildPhase section */
		0911CADF2E7AA40A007AC615 /* Frameworks */ = {
			isa = PBXFrameworksBuildPhase;
			buildActionMask = 2147483647;
			files = (
			);
			runOnlyForDeploymentPostprocessing = 0;
		};
		0911CAEF2E7AA40C007AC615 /* Frameworks */ = {
			isa = PBXFrameworksBuildPhase;
			buildActionMask = 2147483647;
			files = (
			);
			runOnlyForDeploymentPostprocessing = 0;
		};
		0911CAF92E7AA40C007AC615 /* Frameworks */ = {
			isa = PBXFrameworksBuildPhase;
			buildActionMask = 2147483647;
			files = (
			);
			runOnlyForDeploymentPostprocessing = 0;
		};
/* End PBXFrameworksBuildPhase section */

/* Begin PBXGroup section */
		0911CAD92E7AA40A007AC615 = {
			isa = PBXGroup;
			children = (
				0911CB0F2E7AA620007AC615 /* Sources */,
				0911CAE42E7AA40A007AC615 /* RijksmuseumAH */,
				0911CAF52E7AA40C007AC615 /* RijksmuseumAHTests */,
				0911CAFF2E7AA40C007AC615 /* RijksmuseumAHUITests */,
				0911CAE32E7AA40A007AC615 /* Products */,
			);
			sourceTree = "<group>";
		};
		0911CAE32E7AA40A007AC615 /* Products */ = {
			isa = PBXGroup;
			children = (
				0911CAE22E7AA40A007AC615 /* RijksmuseumAH.app */,
				0911CAF22E7AA40C007AC615 /* RijksmuseumAHTests.xctest */,
				0911CAFC2E7AA40C007AC615 /* RijksmuseumAHUITests.xctest */,
			);
			name = Products;
			sourceTree = "<group>";
		};
		0911CAE42E7AA40A007AC615 /* RijksmuseumAH */ = {
			isa = PBXGroup;
			children = (
				0911CAE52E7AA40A007AC615 /* RijksmuseumAHApp.swift */,
				0911CAE72E7AA40A007AC615 /* ContentView.swift */,
				0911CAE92E7AA40C007AC615 /* Assets.xcassets */,
				0911CAEB2E7AA40C007AC615 /* Preview Content */,
			);
			path = RijksmuseumAH;
			sourceTree = "<group>";
		};
		0911CAEB2E7AA40C007AC615 /* Preview Content */ = {
			isa = PBXGroup;
			children = (
				0911CAEC2E7AA40C007AC615 /* Preview Assets.xcassets */,
			);
			path = "Preview Content";
			sourceTree = "<group>";
		};
		0911CAF52E7AA40C007AC615 /* RijksmuseumAHTests */ = {
			isa = PBXGroup;
			children = (
				0911CC832E7C3FD4007AC615 /* Screens */,
				0911CBC42E7AD88D007AC615 /* Services */,
				0911CBB92E7AD4A1007AC615 /* Common */,
			);
			path = RijksmuseumAHTests;
			sourceTree = "<group>";
		};
		0911CAFF2E7AA40C007AC615 /* RijksmuseumAHUITests */ = {
			isa = PBXGroup;
			children = (
				0911CCAE2E7C5D34007AC615 /* App */,
				0911CCAC2E7C5D34007AC615 /* Screens */,
				0911CCA72E7C5D34007AC615 /* UseCases */,
			);
			path = RijksmuseumAHUITests;
			sourceTree = "<group>";
		};
		0911CB0F2E7AA620007AC615 /* Sources */ = {
			isa = PBXGroup;
			children = (
				0911CBED2E7B24F6007AC615 /* Screens */,
				0911CB102E7AA626007AC615 /* Services */,
			);
			path = Sources;
			sourceTree = "<group>";
		};
		0911CB102E7AA626007AC615 /* Services */ = {
			isa = PBXGroup;
			children = (
				0911CB692E7ACD39007AC615 /* IIIFImageDownloader */,
				0911CB622E7AC352007AC615 /* ImageDownloader */,
				0911CB542E7ABB42007AC615 /* ArtworkDigitalItemService */,
				0911CB382E7AB115007AC615 /* ArtworkShowDetailsService */,
				0911CB262E7AAD4F007AC615 /* ArtworkDetailsService */,
				0911CB142E7AA71C007AC615 /* ArtworkCollectionService */,
				0911CB112E7AA639007AC615 /* Common */,
			);
			path = Services;
			sourceTree = "<group>";
		};
		0911CB112E7AA639007AC615 /* Common */ = {
			isa = PBXGroup;
			children = (
				0911CB122E7AA64C007AC615 /* FailableDecodable.swift */,
			);
			path = Common;
			sourceTree = "<group>";
		};
		0911CB142E7AA71C007AC615 /* ArtworkCollectionService */ = {
			isa = PBXGroup;
			children = (
				0911CB152E7AA72E007AC615 /* ArtworkCollectionServicing.swift */,
				0911CB222E7AA8EF007AC615 /* ArtworkCollectionService.swift */,
				0911CB242E7AAA5B007AC615 /* ArtworkCollectionServiceFactory.swift */,
				0911CB172E7AA741007AC615 /* Entities */,
			);
			path = ArtworkCollectionService;
			sourceTree = "<group>";
		};
		0911CB172E7AA741007AC615 /* Entities */ = {
			isa = PBXGroup;
			children = (
				0911CB182E7AA751007AC615 /* ArtworkCollection.swift */,
				0911CB1A2E7AA76B007AC615 /* ArtworkNextCollection.swift */,
				0911CB1C2E7AA782007AC615 /* ArtworkNextCollectionType.swift */,
				0911CB1E2E7AA801007AC615 /* ArtworkItem.swift */,
				0911CB202E7AA82A007AC615 /* ArtworkItemType.swift */,
			);
			path = Entities;
			sourceTree = "<group>";
		};
		0911CB262E7AAD4F007AC615 /* ArtworkDetailsService */ = {
			isa = PBXGroup;
			children = (
				0911CB322E7AAF4F007AC615 /* ArtworkDetailsServicing.swift */,
				0911CB342E7AAF5F007AC615 /* ArtworkDetailsService.swift */,
				0911CB362E7AAF71007AC615 /* ArtworkDetailsServiceFactory.swift */,
				0911CB272E7AAD5D007AC615 /* Entities */,
			);
			path = ArtworkDetailsService;
			sourceTree = "<group>";
		};
		0911CB272E7AAD5D007AC615 /* Entities */ = {
			isa = PBXGroup;
			children = (
				0911CB282E7AAD7B007AC615 /* ArtworkDetails.swift */,
				0911CB2A2E7AAD94007AC615 /* ArtworkIdentifier.swift */,
				0911CB2C2E7AADA5007AC615 /* ArtworkIdentifierType.swift */,
				0911CB2E2E7AADB6007AC615 /* ArtworkShow.swift */,
				0911CB302E7AADC4007AC615 /* ArtworkShowType.swift */,
			);
			path = Entities;
			sourceTree = "<group>";
		};
		0911CB382E7AB115007AC615 /* ArtworkShowDetailsService */ = {
			isa = PBXGroup;
			children = (
				0911CB402E7AB361007AC615 /* ArtworkShowDetailsServicing.swift */,
				0911CB422E7AB379007AC615 /* ArtworkShowDetailsService.swift */,
				0911CB442E7AB38D007AC615 /* ArtworkShowDetailsServiceFactory.swift */,
				0911CB392E7AB122007AC615 /* Entities */,
			);
			path = ArtworkShowDetailsService;
			sourceTree = "<group>";
		};
		0911CB392E7AB122007AC615 /* Entities */ = {
			isa = PBXGroup;
			children = (
				0911CB3A2E7AB133007AC615 /* ArtworkShowDetails.swift */,
				0911CB3C2E7AB144007AC615 /* ArtworkDigitalItemIdentifier.swift */,
				0911CB3E2E7AB156007AC615 /* ArtworkDigitalItemIdentifierType.swift */,
			);
			path = Entities;
			sourceTree = "<group>";
		};
		0911CB542E7ABB42007AC615 /* ArtworkDigitalItemService */ = {
			isa = PBXGroup;
			children = (
				0911CB5C2E7ABBAA007AC615 /* ArtworkDigitalItemServicing.swift */,
				0911CB5E2E7ABBBD007AC615 /* ArtworkDigitalItemService.swift */,
				0911CB602E7ABBD4007AC615 /* ArtworkDigitalItemServiceFactory.swift */,
				0911CB552E7ABB56007AC615 /* Entities */,
			);
			path = ArtworkDigitalItemService;
			sourceTree = "<group>";
		};
		0911CB552E7ABB56007AC615 /* Entities */ = {
			isa = PBXGroup;
			children = (
				0911CB562E7ABB61007AC615 /* ArtworkDigitalItem.swift */,
				0911CB582E7ABB70007AC615 /* ArtworkDigitalItemAccessPoint.swift */,
				0911CB5A2E7ABB81007AC615 /* ArtworkDigitalItemAccessPointType.swift */,
			);
			path = Entities;
			sourceTree = "<group>";
		};
		0911CB622E7AC352007AC615 /* ImageDownloader */ = {
			isa = PBXGroup;
			children = (
				0911CB632E7AC35F007AC615 /* ImageDownloading.swift */,
				0911CB652E7AC368007AC615 /* ImageDownloader.swift */,
				0911CB672E7AC381007AC615 /* ImageDownloaderFactory.swift */,
			);
			path = ImageDownloader;
			sourceTree = "<group>";
		};
		0911CB692E7ACD39007AC615 /* IIIFImageDownloader */ = {
			isa = PBXGroup;
			children = (
				0911CB752E7ACD80007AC615 /* IIIFImageDownloading.swift */,
				0911CB772E7ACD8A007AC615 /* IIIFImageDownloader.swift */,
				0911CB792E7ACD95007AC615 /* IIIFImageDownloaderFactory.swift */,
				0911CB6A2E7ACD44007AC615 /* Entities */,
				0911CB7B2E7ACE28007AC615 /* Builder */,
			);
			path = IIIFImageDownloader;
			sourceTree = "<group>";
		};
		0911CB6A2E7ACD44007AC615 /* Entities */ = {
			isa = PBXGroup;
			children = (
				0911CB6B2E7ACD52007AC615 /* IIIFImageInfo.swift */,
				0911CB6D2E7ACD5D007AC615 /* IIIFImageRegion.swift */,
				0911CB6F2E7ACD66007AC615 /* IIIFImageSize.swift */,
				0911CB732E7ACD76007AC615 /* IIIFImageQuality.swift */,
				0911CB712E7ACD6F007AC615 /* IIIFImageFormat.swift */,
			);
			path = Entities;
			sourceTree = "<group>";
		};
		0911CB7B2E7ACE28007AC615 /* Builder */ = {
			isa = PBXGroup;
			children = (
				0911CB7C2E7ACE4B007AC615 /* IIIFImageURLBuilding.swift */,
				0911CB802E7ACE6F007AC615 /* IIIFImageURLBuilder.swift */,
			);
			path = Builder;
			sourceTree = "<group>";
		};
		0911CBB92E7AD4A1007AC615 /* Common */ = {
			isa = PBXGroup;
			children = (
				0911CBBA2E7AD4A1007AC615 /* Network */,
			);
			path = Common;
			sourceTree = "<group>";
		};
		0911CBBA2E7AD4A1007AC615 /* Network */ = {
			isa = PBXGroup;
			children = (
				0911CBBB2E7AD4A1007AC615 /* NetworkServiceURLProtocol.swift */,
				0911CBBC2E7AD4A1007AC615 /* Entities */,
			);
			path = Network;
			sourceTree = "<group>";
		};
		0911CBBC2E7AD4A1007AC615 /* Entities */ = {
			isa = PBXGroup;
			children = (
				0911CBBD2E7AD4A1007AC615 /* NetworkServiceTargetURL.swift */,
				0911CBBE2E7AD4A1007AC615 /* NetworkServiceTargetURLBehaviour.swift */,
			);
			path = Entities;
			sourceTree = "<group>";
		};
		0911CBC42E7AD88D007AC615 /* Services */ = {
			isa = PBXGroup;
			children = (
				0911CBC72E7AD8A8007AC615 /* ArtworkCollectionServiceTests.swift */,
				0911CBC52E7AD896007AC615 /* ArtworkDetailsServiceTests.swift */,
				0911CBC92E7AD8CC007AC615 /* DefaultIIIFImageURLBuilderTests.swift */,
			);
			path = Services;
			sourceTree = "<group>";
		};
		0911CBED2E7B24F6007AC615 /* Screens */ = {
			isa = PBXGroup;
			children = (
				0911CC492E7BECFA007AC615 /* Common */,
				0911CBEE2E7B250E007AC615 /* ArtworkCollectionView */,
				0911CC712E7C2FAA007AC615 /* ArtworkView */,
			);
			path = Screens;
			sourceTree = "<group>";
		};
		0911CBEE2E7B250E007AC615 /* ArtworkCollectionView */ = {
			isa = PBXGroup;
			children = (
				0911CBEF2E7B2521007AC615 /* ArtworkCollectionViewController.swift */,
				0911CBF12E7B2531007AC615 /* ArtworkCollectionViewWrapper.swift */,
				0911CBF32E7B253D007AC615 /* ArtworkCollectionViewControllerFactory.swift */,
				0911CC542E7C0736007AC615 /* Entities */,
				0911CBFC2E7B260C007AC615 /* Delegates */,
				0911CBF52E7B2548007AC615 /* ViewModel */,
				0911CC0B2E7B26E6007AC615 /* Cell */,
			);
			path = ArtworkCollectionView;
			sourceTree = "<group>";
		};
		0911CBF52E7B2548007AC615 /* ViewModel */ = {
			isa = PBXGroup;
			children = (
				0911CBF62E7B25E6007AC615 /* ArtworkCollectionViewModeling.swift */,
				0911CBF82E7B25F0007AC615 /* ArtworkCollectionViewModel.swift */,
				0911CBFA2E7B25F9007AC615 /* ArtworkCollectionViewModelFactory.swift */,
				0911CC1C2E7B296F007AC615 /* Entities */,
			);
			path = ViewModel;
			sourceTree = "<group>";
		};
		0911CBFC2E7B260C007AC615 /* Delegates */ = {
			isa = PBXGroup;
			children = (
				0911CBFD2E7B261F007AC615 /* ArtworkCollectionViewDelegate.swift */,
				0911CC012E7B269B007AC615 /* ArtworkCollectionViewDataSource.swift */,
			);
			path = Delegates;
			sourceTree = "<group>";
		};
		0911CC0B2E7B26E6007AC615 /* Cell */ = {
			isa = PBXGroup;
			children = (
				0911CC0F2E7B2818007AC615 /* ArtworkCollectionItemCell.swift */,
				0911CC632E7C22AD007AC615 /* Views */,
				0911CC362E7BEBDC007AC615 /* Entities */,
				0911CC0E2E7B2733007AC615 /* ViewModel */,
			);
			path = Cell;
			sourceTree = "<group>";
		};
		0911CC0E2E7B2733007AC615 /* ViewModel */ = {
			isa = PBXGroup;
			children = (
				0911CC182E7B2909007AC615 /* ArtworkCollectionItemCellModeling.swift */,
				0911CC132E7B2876007AC615 /* ArtworkCollectionItemCellModel.swift */,
				0911CC152E7B287E007AC615 /* ArtworkCollectionItemCellModelFactory.swift */,
				0911CC3B2E7BEC38007AC615 /* Loader */,
			);
			path = ViewModel;
			sourceTree = "<group>";
		};
		0911CC1C2E7B296F007AC615 /* Entities */ = {
			isa = PBXGroup;
			children = (
				0911CC1D2E7B297D007AC615 /* ArtworkCollectionViewState.swift */,
			);
			path = Entities;
			sourceTree = "<group>";
		};
		0911CC362E7BEBDC007AC615 /* Entities */ = {
			isa = PBXGroup;
			children = (
				0911CC592E7C143E007AC615 /* ArtworkCollectionItemCellVisibility.swift */,
				0911CC392E7BEC0C007AC615 /* ArtworkCollectionItemCellVisibilityMapper.swift */,
			);
			path = Entities;
			sourceTree = "<group>";
		};
		0911CC3B2E7BEC38007AC615 /* Loader */ = {
			isa = PBXGroup;
			children = (
				0911CC3C2E7BEC49007AC615 /* ArtworkItemDataLoading.swift */,
				0911CC3E2E7BEC64007AC615 /* ArtworkItemDataLoader.swift */,
				0911CC402E7BEC77007AC615 /* ArtworkItemDataLoaderFactory.swift */,
				0911CC422E7BEC87007AC615 /* Entities */,
			);
			path = Loader;
			sourceTree = "<group>";
		};
		0911CC422E7BEC87007AC615 /* Entities */ = {
			isa = PBXGroup;
			children = (
				0911CC432E7BEC96007AC615 /* ArtworkItemDataLoaderState.swift */,
				0911CC5D2E7C211D007AC615 /* ArtworkReference.swift */,
				0911CC5F2E7C212B007AC615 /* ArtworkResource.swift */,
				0911CC612E7C2140007AC615 /* ArtworkItemDataLoaderStateError.swift */,
				0911CC472E7BECBA007AC615 /* ArtworkItemDataLoaderError.swift */,
			);
			path = Entities;
			sourceTree = "<group>";
		};
		0911CC492E7BECFA007AC615 /* Common */ = {
			isa = PBXGroup;
			children = (
				0911CC512E7C041C007AC615 /* ErrorView */,
				0911CC4A2E7BED09007AC615 /* ImageLoader */,
			);
			path = Common;
			sourceTree = "<group>";
		};
		0911CC4A2E7BED09007AC615 /* ImageLoader */ = {
			isa = PBXGroup;
			children = (
				0911CC4B2E7BED1A007AC615 /* ArtworkImageLoading.swift */,
				0911CC4D2E7BED28007AC615 /* ArtworkImageLoader.swift */,
				0911CC4F2E7BED35007AC615 /* ArtworkImageLoaderFactory.swift */,
			);
			path = ImageLoader;
			sourceTree = "<group>";
		};
		0911CC512E7C041C007AC615 /* ErrorView */ = {
			isa = PBXGroup;
			children = (
				0911CC522E7C042F007AC615 /* ErrorView.swift */,
			);
			path = ErrorView;
			sourceTree = "<group>";
		};
		0911CC542E7C0736007AC615 /* Entities */ = {
			isa = PBXGroup;
			children = (
				0911CC552E7C0757007AC615 /* ArtworkCollectionViewVisibility.swift */,
				0911CC572E7C075F007AC615 /* ArtworkCollectionViewVisibilityMapper.swift */,
			);
			path = Entities;
			sourceTree = "<group>";
		};
		0911CC632E7C22AD007AC615 /* Views */ = {
			isa = PBXGroup;
			children = (
				0911CC642E7C22BC007AC615 /* ArtworkCollectionItemCellImageView.swift */,
				0911CC662E7C23AA007AC615 /* Entities */,
			);
			path = Views;
			sourceTree = "<group>";
		};
		0911CC662E7C23AA007AC615 /* Entities */ = {
			isa = PBXGroup;
			children = (
				0911CC6F2E7C23F7007AC615 /* ArtworkCollectionItemCellImageViewState.swift */,
				0911CC6B2E7C23DC007AC615 /* ArtworkCollectionItemCellImageViewVisibility.swift */,
				0911CC6D2E7C23E5007AC615 /* ArtworkCollectionItemCellImageViewVisibilityMapper.swift */,
			);
			path = Entities;
			sourceTree = "<group>";
		};
		0911CC712E7C2FAA007AC615 /* ArtworkView */ = {
			isa = PBXGroup;
			children = (
				0911CC722E7C2FB9007AC615 /* ArtworkView.swift */,
				0911CC742E7C2FC5007AC615 /* ArtworkViewFactory.swift */,
				0911CC762E7C2FD4007AC615 /* ViewModel */,
				0911CC802E7C3068007AC615 /* Preview */,
			);
			path = ArtworkView;
			sourceTree = "<group>";
		};
		0911CC762E7C2FD4007AC615 /* ViewModel */ = {
			isa = PBXGroup;
			children = (
				0911CC772E7C2FE7007AC615 /* ArtworkViewModeling.swift */,
				0911CC792E7C2FF0007AC615 /* ArtworkViewModel.swift */,
				0911CC7B2E7C2FF7007AC615 /* ArtworkViewModelFactory.swift */,
				0911CC7D2E7C3005007AC615 /* Entities */,
			);
			path = ViewModel;
			sourceTree = "<group>";
		};
		0911CC7D2E7C3005007AC615 /* Entities */ = {
			isa = PBXGroup;
			children = (
				0911CC7E2E7C3013007AC615 /* ArtworkViewImageState.swift */,
			);
			path = Entities;
			sourceTree = "<group>";
		};
		0911CC802E7C3068007AC615 /* Preview */ = {
			isa = PBXGroup;
			children = (
				0911CC812E7C3075007AC615 /* ArtworkPreviewViewModel.swift */,
			);
			path = Preview;
			sourceTree = "<group>";
		};
		0911CC832E7C3FD4007AC615 /* Screens */ = {
			isa = PBXGroup;
			children = (
				0911CC842E7C3FDC007AC615 /* ArtworkView */,
			);
			path = Screens;
			sourceTree = "<group>";
		};
		0911CC842E7C3FDC007AC615 /* ArtworkView */ = {
			isa = PBXGroup;
			children = (
				0911CC852E7C3FE7007AC615 /* ArtworkViewModelTests.swift */,
				0911CC872E7C4054007AC615 /* Mocks */,
			);
			path = ArtworkView;
			sourceTree = "<group>";
		};
		0911CC872E7C4054007AC615 /* Mocks */ = {
			isa = PBXGroup;
			children = (
				0911CC8A2E7C4086007AC615 /* ArtworkImageLoaderSuccessMock.swift */,
				0911CC8C2E7C408F007AC615 /* ArtworkImageLoaderFailureMock.swift */,
			);
			path = Mocks;
			sourceTree = "<group>";
		};
		0911CCA72E7C5D34007AC615 /* UseCases */ = {
			isa = PBXGroup;
			children = (
				0911CCA82E7C5D34007AC615 /* RijksmuseumAHUITestCase.swift */,
			);
			path = UseCases;
			sourceTree = "<group>";
		};
		0911CCA92E7C5D34007AC615 /* Common */ = {
			isa = PBXGroup;
			children = (
				0911CCC72E7C6386007AC615 /* ArtworkImageDataGenerator.swift */,
			);
			path = Common;
			sourceTree = "<group>";
		};
		0911CCAC2E7C5D34007AC615 /* Screens */ = {
			isa = PBXGroup;
			children = (
				0911CCB82E7C5E20007AC615 /* ArtworkCollectionView */,
				0911CCBD2E7C61D0007AC615 /* ArtworkView */,
				0911CCA92E7C5D34007AC615 /* Common */,
			);
			path = Screens;
			sourceTree = "<group>";
		};
		0911CCAE2E7C5D34007AC615 /* App */ = {
			isa = PBXGroup;
			children = (
				0911CCAF2E7C5D34007AC615 /* XCUIApplicationFactory.swift */,
				0911CCCC2E7C66B3007AC615 /* TestEnvironmentBuilder.swift */,
			);
			path = App;
			sourceTree = "<group>";
		};
		0911CCB82E7C5E20007AC615 /* ArtworkCollectionView */ = {
			isa = PBXGroup;
			children = (
				0911CCAD2E7C5D34007AC615 /* ArtworkCollectionViewUITests.swift */,
				0911CCCF2E7C6D52007AC615 /* Mocks */,
				0911CCB92E7C5E2E007AC615 /* Identifiers */,
			);
			path = ArtworkCollectionView;
			sourceTree = "<group>";
		};
		0911CCB92E7C5E2E007AC615 /* Identifiers */ = {
			isa = PBXGroup;
			children = (
				0911CCBA2E7C5E45007AC615 /* ArtworkCollectionViewAccessibilityIdentifier.swift */,
			);
			path = Identifiers;
			sourceTree = "<group>";
		};
		0911CCBD2E7C61D0007AC615 /* ArtworkView */ = {
			isa = PBXGroup;
			children = (
				0911CCBE2E7C61DB007AC615 /* ArtworkViewUITests.swift */,
				0911CCD02E7C6D65007AC615 /* Mocks */,
				0911CCC02E7C61FF007AC615 /* Identifiers */,
			);
			path = ArtworkView;
			sourceTree = "<group>";
		};
		0911CCC02E7C61FF007AC615 /* Identifiers */ = {
			isa = PBXGroup;
			children = (
				0911CCC12E7C6219007AC615 /* ArtworkViewAccessibilityIdentifier.swift */,
			);
			path = Identifiers;
			sourceTree = "<group>";
		};
		0911CCCF2E7C6D52007AC615 /* Mocks */ = {
			isa = PBXGroup;
			children = (
				0911CCAB2E7C5D34007AC615 /* ArtworkCollectionViewModelMock.swift */,
				0911CCAA2E7C5D34007AC615 /* ArtworkCollectionItemCellModelMock.swift */,
			);
			path = Mocks;
			sourceTree = "<group>";
		};
		0911CCD02E7C6D65007AC615 /* Mocks */ = {
			isa = PBXGroup;
			children = (
				0911CCC42E7C62EC007AC615 /* ArtworkViewModelMock.swift */,
			);
			path = Mocks;
			sourceTree = "<group>";
		};
/* End PBXGroup section */

/* Begin PBXNativeTarget section */
		0911CAE12E7AA40A007AC615 /* RijksmuseumAH */ = {
			isa = PBXNativeTarget;
			buildConfigurationList = 0911CB062E7AA40C007AC615 /* Build configuration list for PBXNativeTarget "RijksmuseumAH" */;
			buildPhases = (
				0911CADE2E7AA40A007AC615 /* Sources */,
				0911CADF2E7AA40A007AC615 /* Frameworks */,
				0911CAE02E7AA40A007AC615 /* Resources */,
			);
			buildRules = (
			);
			dependencies = (
			);
			name = RijksmuseumAH;
			productName = RijksmuseumAH;
			productReference = 0911CAE22E7AA40A007AC615 /* RijksmuseumAH.app */;
			productType = "com.apple.product-type.application";
		};
		0911CAF12E7AA40C007AC615 /* RijksmuseumAHTests */ = {
			isa = PBXNativeTarget;
			buildConfigurationList = 0911CB092E7AA40C007AC615 /* Build configuration list for PBXNativeTarget "RijksmuseumAHTests" */;
			buildPhases = (
				0911CAEE2E7AA40C007AC615 /* Sources */,
				0911CAEF2E7AA40C007AC615 /* Frameworks */,
				0911CAF02E7AA40C007AC615 /* Resources */,
			);
			buildRules = (
			);
			dependencies = (
				0911CAF42E7AA40C007AC615 /* PBXTargetDependency */,
			);
			name = RijksmuseumAHTests;
			productName = RijksmuseumAHTests;
			productReference = 0911CAF22E7AA40C007AC615 /* RijksmuseumAHTests.xctest */;
			productType = "com.apple.product-type.bundle.unit-test";
		};
		0911CAFB2E7AA40C007AC615 /* RijksmuseumAHUITests */ = {
			isa = PBXNativeTarget;
			buildConfigurationList = 0911CB0C2E7AA40C007AC615 /* Build configuration list for PBXNativeTarget "RijksmuseumAHUITests" */;
			buildPhases = (
				0911CAF82E7AA40C007AC615 /* Sources */,
				0911CAF92E7AA40C007AC615 /* Frameworks */,
				0911CAFA2E7AA40C007AC615 /* Resources */,
			);
			buildRules = (
			);
			dependencies = (
				0911CAFE2E7AA40C007AC615 /* PBXTargetDependency */,
			);
			name = RijksmuseumAHUITests;
			productName = RijksmuseumAHUITests;
			productReference = 0911CAFC2E7AA40C007AC615 /* RijksmuseumAHUITests.xctest */;
			productType = "com.apple.product-type.bundle.ui-testing";
		};
/* End PBXNativeTarget section */

/* Begin PBXProject section */
		0911CADA2E7AA40A007AC615 /* Project object */ = {
			isa = PBXProject;
			attributes = {
				BuildIndependentTargetsInParallel = 1;
				LastSwiftUpdateCheck = 1500;
				LastUpgradeCheck = 1500;
				TargetAttributes = {
					0911CAE12E7AA40A007AC615 = {
						CreatedOnToolsVersion = 15.0.1;
					};
					0911CAF12E7AA40C007AC615 = {
						CreatedOnToolsVersion = 15.0.1;
						TestTargetID = 0911CAE12E7AA40A007AC615;
					};
					0911CAFB2E7AA40C007AC615 = {
						CreatedOnToolsVersion = 15.0.1;
						TestTargetID = 0911CAE12E7AA40A007AC615;
					};
				};
			};
			buildConfigurationList = 0911CADD2E7AA40A007AC615 /* Build configuration list for PBXProject "RijksmuseumAH" */;
			compatibilityVersion = "Xcode 14.0";
			developmentRegion = en;
			hasScannedForEncodings = 0;
			knownRegions = (
				en,
				Base,
			);
			mainGroup = 0911CAD92E7AA40A007AC615;
			productRefGroup = 0911CAE32E7AA40A007AC615 /* Products */;
			projectDirPath = "";
			projectRoot = "";
			targets = (
				0911CAE12E7AA40A007AC615 /* RijksmuseumAH */,
				0911CAF12E7AA40C007AC615 /* RijksmuseumAHTests */,
				0911CAFB2E7AA40C007AC615 /* RijksmuseumAHUITests */,
			);
		};
/* End PBXProject section */

/* Begin PBXResourcesBuildPhase section */
		0911CAE02E7AA40A007AC615 /* Resources */ = {
			isa = PBXResourcesBuildPhase;
			buildActionMask = 2147483647;
			files = (
				0911CAED2E7AA40C007AC615 /* Preview Assets.xcassets in Resources */,
				0911CAEA2E7AA40C007AC615 /* Assets.xcassets in Resources */,
			);
			runOnlyForDeploymentPostprocessing = 0;
		};
		0911CAF02E7AA40C007AC615 /* Resources */ = {
			isa = PBXResourcesBuildPhase;
			buildActionMask = 2147483647;
			files = (
			);
			runOnlyForDeploymentPostprocessing = 0;
		};
		0911CAFA2E7AA40C007AC615 /* Resources */ = {
			isa = PBXResourcesBuildPhase;
			buildActionMask = 2147483647;
			files = (
			);
			runOnlyForDeploymentPostprocessing = 0;
		};
/* End PBXResourcesBuildPhase section */

/* Begin PBXSourcesBuildPhase section */
		0911CADE2E7AA40A007AC615 /* Sources */ = {
			isa = PBXSourcesBuildPhase;
			buildActionMask = 2147483647;
			files = (
				0911CC602E7C212B007AC615 /* ArtworkResource.swift in Sources */,
				0911CB5F2E7ABBBD007AC615 /* ArtworkDigitalItemService.swift in Sources */,
				0911CC0A2E7B26CD007AC615 /* ArtworkCollectionViewController.swift in Sources */,
				0911CB682E7AC381007AC615 /* ImageDownloaderFactory.swift in Sources */,
				0911CB1D2E7AA782007AC615 /* ArtworkNextCollectionType.swift in Sources */,
				0911CAE82E7AA40A007AC615 /* ContentView.swift in Sources */,
				0911CC7C2E7C2FF7007AC615 /* ArtworkViewModelFactory.swift in Sources */,
				0911CB332E7AAF4F007AC615 /* ArtworkDetailsServicing.swift in Sources */,
				0911CAE62E7AA40A007AC615 /* RijksmuseumAHApp.swift in Sources */,
				0911CB3F2E7AB156007AC615 /* ArtworkDigitalItemIdentifierType.swift in Sources */,
				0911CC622E7C2140007AC615 /* ArtworkItemDataLoaderStateError.swift in Sources */,
				0911CC3D2E7BEC49007AC615 /* ArtworkItemDataLoading.swift in Sources */,
				0911CB762E7ACD80007AC615 /* IIIFImageDownloading.swift in Sources */,
				0911CC1B2E7B2914007AC615 /* ArtworkCollectionItemCellModel.swift in Sources */,
				0911CC1E2E7B297D007AC615 /* ArtworkCollectionViewState.swift in Sources */,
				0911CB162E7AA72E007AC615 /* ArtworkCollectionServicing.swift in Sources */,
				0911CC4C2E7BED1A007AC615 /* ArtworkImageLoading.swift in Sources */,
				0911CB592E7ABB70007AC615 /* ArtworkDigitalItemAccessPoint.swift in Sources */,
				0911CB2B2E7AAD94007AC615 /* ArtworkIdentifier.swift in Sources */,
				0911CC052E7B26BF007AC615 /* ArtworkCollectionViewModel.swift in Sources */,
				0911CC482E7BECBA007AC615 /* ArtworkItemDataLoaderError.swift in Sources */,
				0911CC702E7C23F7007AC615 /* ArtworkCollectionItemCellImageViewState.swift in Sources */,
				0911CCC92E7C639B007AC615 /* ArtworkImageDataGenerator.swift in Sources */,
				0911CB742E7ACD76007AC615 /* IIIFImageQuality.swift in Sources */,
				0911CCC62E7C62F6007AC615 /* ArtworkViewModelMock.swift in Sources */,
				0911CB232E7AA8EF007AC615 /* ArtworkCollectionService.swift in Sources */,
				0911CB642E7AC35F007AC615 /* ImageDownloading.swift in Sources */,
				0911CC7A2E7C2FF0007AC615 /* ArtworkViewModel.swift in Sources */,
				0911CB6E2E7ACD5D007AC615 /* IIIFImageRegion.swift in Sources */,
				0911CB6C2E7ACD52007AC615 /* IIIFImageInfo.swift in Sources */,
				0911CB212E7AA82A007AC615 /* ArtworkItemType.swift in Sources */,
				0911CB132E7AA64C007AC615 /* FailableDecodable.swift in Sources */,
				0911CB5B2E7ABB81007AC615 /* ArtworkDigitalItemAccessPointType.swift in Sources */,
				0911CB292E7AAD7B007AC615 /* ArtworkDetails.swift in Sources */,
				0911CB7A2E7ACD95007AC615 /* IIIFImageDownloaderFactory.swift in Sources */,
				0911CCCE2E7C67C9007AC615 /* TestEnvironmentBuilder.swift in Sources */,
				0911CC7F2E7C3013007AC615 /* ArtworkViewImageState.swift in Sources */,
				0911CB2D2E7AADA5007AC615 /* ArtworkIdentifierType.swift in Sources */,
				0911CC442E7BEC96007AC615 /* ArtworkItemDataLoaderState.swift in Sources */,
				0911CC532E7C042F007AC615 /* ErrorView.swift in Sources */,
				0911CCB52E7C5D46007AC615 /* ArtworkCollectionItemCellModelMock.swift in Sources */,
				0911CC3F2E7BEC64007AC615 /* ArtworkItemDataLoader.swift in Sources */,
				0911CB702E7ACD66007AC615 /* IIIFImageSize.swift in Sources */,
				0911CC5E2E7C211D007AC615 /* ArtworkReference.swift in Sources */,
				0911CC822E7C3075007AC615 /* ArtworkPreviewViewModel.swift in Sources */,
				0911CB572E7ABB61007AC615 /* ArtworkDigitalItem.swift in Sources */,
				0911CC1A2E7B2912007AC615 /* ArtworkCollectionItemCellModelFactory.swift in Sources */,
				0911CC042E7B26BC007AC615 /* ArtworkCollectionViewModelFactory.swift in Sources */,
				0911CB452E7AB38D007AC615 /* ArtworkShowDetailsServiceFactory.swift in Sources */,
				0911CCC32E7C6245007AC615 /* ArtworkViewAccessibilityIdentifier.swift in Sources */,
				0911CB372E7AAF71007AC615 /* ArtworkDetailsServiceFactory.swift in Sources */,
				0911CB812E7ACE6F007AC615 /* IIIFImageURLBuilder.swift in Sources */,
				0911CB2F2E7AADB6007AC615 /* ArtworkShow.swift in Sources */,
				0911CC3A2E7BEC0C007AC615 /* ArtworkCollectionItemCellVisibilityMapper.swift in Sources */,
				0911CC6C2E7C23DC007AC615 /* ArtworkCollectionItemCellImageViewVisibility.swift in Sources */,
				0911CB1F2E7AA801007AC615 /* ArtworkItem.swift in Sources */,
				0911CB432E7AB379007AC615 /* ArtworkShowDetailsService.swift in Sources */,
				0911CC752E7C2FC5007AC615 /* ArtworkViewFactory.swift in Sources */,
				0911CB5D2E7ABBAA007AC615 /* ArtworkDigitalItemServicing.swift in Sources */,
				0911CC032E7B26B9007AC615 /* ArtworkCollectionViewDataSource.swift in Sources */,
				0911CC5A2E7C143E007AC615 /* ArtworkCollectionItemCellVisibility.swift in Sources */,
				0911CC082E7B26C7007AC615 /* ArtworkCollectionViewControllerFactory.swift in Sources */,
				0911CC652E7C22BC007AC615 /* ArtworkCollectionItemCellImageView.swift in Sources */,
				0911CC502E7BED35007AC615 /* ArtworkImageLoaderFactory.swift in Sources */,
				0911CC412E7BEC77007AC615 /* ArtworkItemDataLoaderFactory.swift in Sources */,
				0911CB3D2E7AB144007AC615 /* ArtworkDigitalItemIdentifier.swift in Sources */,
				0911CC4E2E7BED28007AC615 /* ArtworkImageLoader.swift in Sources */,
				0911CB612E7ABBD4007AC615 /* ArtworkDigitalItemServiceFactory.swift in Sources */,
				0911CC562E7C0757007AC615 /* ArtworkCollectionViewVisibility.swift in Sources */,
				0911CB7D2E7ACE4B007AC615 /* IIIFImageURLBuilding.swift in Sources */,
				0911CC6E2E7C23E5007AC615 /* ArtworkCollectionItemCellImageViewVisibilityMapper.swift in Sources */,
				0911CB722E7ACD6F007AC615 /* IIIFImageFormat.swift in Sources */,
				0911CC072E7B26C5007AC615 /* ArtworkCollectionViewDelegate.swift in Sources */,
				0911CCB72E7C5D4D007AC615 /* RijksmuseumAHUITestCase.swift in Sources */,
				0911CCB62E7C5D48007AC615 /* ArtworkCollectionViewModelMock.swift in Sources */,
				0911CB192E7AA751007AC615 /* ArtworkCollection.swift in Sources */,
				0911CB412E7AB361007AC615 /* ArtworkShowDetailsServicing.swift in Sources */,
				0911CCBC2E7C5E6E007AC615 /* ArtworkCollectionViewAccessibilityIdentifier.swift in Sources */,
				0911CC192E7B2909007AC615 /* ArtworkCollectionItemCellModeling.swift in Sources */,
				0911CB312E7AADC4007AC615 /* ArtworkShowType.swift in Sources */,
				0911CB662E7AC368007AC615 /* ImageDownloader.swift in Sources */,
				0911CC1F2E7B29E2007AC615 /* ArtworkCollectionItemCell.swift in Sources */,
				0911CC732E7C2FB9007AC615 /* ArtworkView.swift in Sources */,
				0911CB252E7AAA5B007AC615 /* ArtworkCollectionServiceFactory.swift in Sources */,
				0911CC782E7C2FE7007AC615 /* ArtworkViewModeling.swift in Sources */,
				0911CC582E7C075F007AC615 /* ArtworkCollectionViewVisibilityMapper.swift in Sources */,
				0911CB782E7ACD8A007AC615 /* IIIFImageDownloader.swift in Sources */,
				0911CC092E7B26CA007AC615 /* ArtworkCollectionViewWrapper.swift in Sources */,
				0911CB1B2E7AA76B007AC615 /* ArtworkNextCollection.swift in Sources */,
				0911CB352E7AAF5F007AC615 /* ArtworkDetailsService.swift in Sources */,
				0911CC062E7B26C1007AC615 /* ArtworkCollectionViewModeling.swift in Sources */,
				0911CB3B2E7AB133007AC615 /* ArtworkShowDetails.swift in Sources */,
			);
			runOnlyForDeploymentPostprocessing = 0;
		};
		0911CAEE2E7AA40C007AC615 /* Sources */ = {
			isa = PBXSourcesBuildPhase;
			buildActionMask = 2147483647;
			files = (
				0911CBCA2E7AD8CC007AC615 /* DefaultIIIFImageURLBuilderTests.swift in Sources */,
				0911CBC02E7AD4A1007AC615 /* NetworkServiceTargetURL.swift in Sources */,
				0911CBBF2E7AD4A1007AC615 /* NetworkServiceURLProtocol.swift in Sources */,
				0911CBC62E7AD896007AC615 /* ArtworkDetailsServiceTests.swift in Sources */,
				0911CBC12E7AD4A1007AC615 /* NetworkServiceTargetURLBehaviour.swift in Sources */,
				0911CC8D2E7C408F007AC615 /* ArtworkImageLoaderFailureMock.swift in Sources */,
				0911CC8B2E7C4086007AC615 /* ArtworkImageLoaderSuccessMock.swift in Sources */,
				0911CBC82E7AD8A8007AC615 /* ArtworkCollectionServiceTests.swift in Sources */,
				0911CC862E7C3FE7007AC615 /* ArtworkViewModelTests.swift in Sources */,
			);
			runOnlyForDeploymentPostprocessing = 0;
		};
		0911CAF82E7AA40C007AC615 /* Sources */ = {
			isa = PBXSourcesBuildPhase;
			buildActionMask = 2147483647;
			files = (
				0911CCB02E7C5D34007AC615 /* RijksmuseumAHUITestCase.swift in Sources */,
				0911CCB32E7C5D34007AC615 /* ArtworkCollectionViewUITests.swift in Sources */,
				0911CCCD2E7C66B3007AC615 /* TestEnvironmentBuilder.swift in Sources */,
				0911CCC22E7C6219007AC615 /* ArtworkViewAccessibilityIdentifier.swift in Sources */,
				0911CCBB2E7C5E45007AC615 /* ArtworkCollectionViewAccessibilityIdentifier.swift in Sources */,
				0911CCBF2E7C61DB007AC615 /* ArtworkViewUITests.swift in Sources */,
				0911CCB42E7C5D34007AC615 /* XCUIApplicationFactory.swift in Sources */,
			);
			runOnlyForDeploymentPostprocessing = 0;
		};
/* End PBXSourcesBuildPhase section */

/* Begin PBXTargetDependency section */
		0911CAF42E7AA40C007AC615 /* PBXTargetDependency */ = {
			isa = PBXTargetDependency;
			target = 0911CAE12E7AA40A007AC615 /* RijksmuseumAH */;
			targetProxy = 0911CAF32E7AA40C007AC615 /* PBXContainerItemProxy */;
		};
		0911CAFE2E7AA40C007AC615 /* PBXTargetDependency */ = {
			isa = PBXTargetDependency;
			target = 0911CAE12E7AA40A007AC615 /* RijksmuseumAH */;
			targetProxy = 0911CAFD2E7AA40C007AC615 /* PBXContainerItemProxy */;
		};
/* End PBXTargetDependency section */

/* Begin XCBuildConfiguration section */
		0911CB042E7AA40C007AC615 /* Debug */ = {
			isa = XCBuildConfiguration;
			buildSettings = {
				ALWAYS_SEARCH_USER_PATHS = NO;
				ASSETCATALOG_COMPILER_GENERATE_SWIFT_ASSET_SYMBOL_EXTENSIONS = YES;
				CLANG_ANALYZER_NONNULL = YES;
				CLANG_ANALYZER_NUMBER_OBJECT_CONVERSION = YES_AGGRESSIVE;
				CLANG_CXX_LANGUAGE_STANDARD = "gnu++20";
				CLANG_ENABLE_MODULES = YES;
				CLANG_ENABLE_OBJC_ARC = YES;
				CLANG_ENABLE_OBJC_WEAK = YES;
				CLANG_WARN_BLOCK_CAPTURE_AUTORELEASING = YES;
				CLANG_WARN_BOOL_CONVERSION = YES;
				CLANG_WARN_COMMA = YES;
				CLANG_WARN_CONSTANT_CONVERSION = YES;
				CLANG_WARN_DEPRECATED_OBJC_IMPLEMENTATIONS = YES;
				CLANG_WARN_DIRECT_OBJC_ISA_USAGE = YES_ERROR;
				CLANG_WARN_DOCUMENTATION_COMMENTS = YES;
				CLANG_WARN_EMPTY_BODY = YES;
				CLANG_WARN_ENUM_CONVERSION = YES;
				CLANG_WARN_INFINITE_RECURSION = YES;
				CLANG_WARN_INT_CONVERSION = YES;
				CLANG_WARN_NON_LITERAL_NULL_CONVERSION = YES;
				CLANG_WARN_OBJC_IMPLICIT_RETAIN_SELF = YES;
				CLANG_WARN_OBJC_LITERAL_CONVERSION = YES;
				CLANG_WARN_OBJC_ROOT_CLASS = YES_ERROR;
				CLANG_WARN_QUOTED_INCLUDE_IN_FRAMEWORK_HEADER = YES;
				CLANG_WARN_RANGE_LOOP_ANALYSIS = YES;
				CLANG_WARN_STRICT_PROTOTYPES = YES;
				CLANG_WARN_SUSPICIOUS_MOVE = YES;
				CLANG_WARN_UNGUARDED_AVAILABILITY = YES_AGGRESSIVE;
				CLANG_WARN_UNREACHABLE_CODE = YES;
				CLANG_WARN__DUPLICATE_METHOD_MATCH = YES;
				COPY_PHASE_STRIP = NO;
				DEBUG_INFORMATION_FORMAT = dwarf;
				ENABLE_STRICT_OBJC_MSGSEND = YES;
				ENABLE_TESTABILITY = YES;
				ENABLE_USER_SCRIPT_SANDBOXING = YES;
				GCC_C_LANGUAGE_STANDARD = gnu17;
				GCC_DYNAMIC_NO_PIC = NO;
				GCC_NO_COMMON_BLOCKS = YES;
				GCC_OPTIMIZATION_LEVEL = 0;
				GCC_PREPROCESSOR_DEFINITIONS = (
					"DEBUG=1",
					"$(inherited)",
				);
				GCC_WARN_64_TO_32_BIT_CONVERSION = YES;
				GCC_WARN_ABOUT_RETURN_TYPE = YES_ERROR;
				GCC_WARN_UNDECLARED_SELECTOR = YES;
				GCC_WARN_UNINITIALIZED_AUTOS = YES_AGGRESSIVE;
				GCC_WARN_UNUSED_FUNCTION = YES;
				GCC_WARN_UNUSED_VARIABLE = YES;
				IPHONEOS_DEPLOYMENT_TARGET = 17.0;
				LOCALIZATION_PREFERS_STRING_CATALOGS = YES;
				MTL_ENABLE_DEBUG_INFO = INCLUDE_SOURCE;
				MTL_FAST_MATH = YES;
				ONLY_ACTIVE_ARCH = YES;
				SDKROOT = iphoneos;
				SWIFT_ACTIVE_COMPILATION_CONDITIONS = "DEBUG $(inherited)";
				SWIFT_OPTIMIZATION_LEVEL = "-Onone";
			};
			name = Debug;
		};
		0911CB052E7AA40C007AC615 /* Release */ = {
			isa = XCBuildConfiguration;
			buildSettings = {
				ALWAYS_SEARCH_USER_PATHS = NO;
				ASSETCATALOG_COMPILER_GENERATE_SWIFT_ASSET_SYMBOL_EXTENSIONS = YES;
				CLANG_ANALYZER_NONNULL = YES;
				CLANG_ANALYZER_NUMBER_OBJECT_CONVERSION = YES_AGGRESSIVE;
				CLANG_CXX_LANGUAGE_STANDARD = "gnu++20";
				CLANG_ENABLE_MODULES = YES;
				CLANG_ENABLE_OBJC_ARC = YES;
				CLANG_ENABLE_OBJC_WEAK = YES;
				CLANG_WARN_BLOCK_CAPTURE_AUTORELEASING = YES;
				CLANG_WARN_BOOL_CONVERSION = YES;
				CLANG_WARN_COMMA = YES;
				CLANG_WARN_CONSTANT_CONVERSION = YES;
				CLANG_WARN_DEPRECATED_OBJC_IMPLEMENTATIONS = YES;
				CLANG_WARN_DIRECT_OBJC_ISA_USAGE = YES_ERROR;
				CLANG_WARN_DOCUMENTATION_COMMENTS = YES;
				CLANG_WARN_EMPTY_BODY = YES;
				CLANG_WARN_ENUM_CONVERSION = YES;
				CLANG_WARN_INFINITE_RECURSION = YES;
				CLANG_WARN_INT_CONVERSION = YES;
				CLANG_WARN_NON_LITERAL_NULL_CONVERSION = YES;
				CLANG_WARN_OBJC_IMPLICIT_RETAIN_SELF = YES;
				CLANG_WARN_OBJC_LITERAL_CONVERSION = YES;
				CLANG_WARN_OBJC_ROOT_CLASS = YES_ERROR;
				CLANG_WARN_QUOTED_INCLUDE_IN_FRAMEWORK_HEADER = YES;
				CLANG_WARN_RANGE_LOOP_ANALYSIS = YES;
				CLANG_WARN_STRICT_PROTOTYPES = YES;
				CLANG_WARN_SUSPICIOUS_MOVE = YES;
				CLANG_WARN_UNGUARDED_AVAILABILITY = YES_AGGRESSIVE;
				CLANG_WARN_UNREACHABLE_CODE = YES;
				CLANG_WARN__DUPLICATE_METHOD_MATCH = YES;
				COPY_PHASE_STRIP = NO;
				DEBUG_INFORMATION_FORMAT = "dwarf-with-dsym";
				ENABLE_NS_ASSERTIONS = NO;
				ENABLE_STRICT_OBJC_MSGSEND = YES;
				ENABLE_USER_SCRIPT_SANDBOXING = YES;
				GCC_C_LANGUAGE_STANDARD = gnu17;
				GCC_NO_COMMON_BLOCKS = YES;
				GCC_WARN_64_TO_32_BIT_CONVERSION = YES;
				GCC_WARN_ABOUT_RETURN_TYPE = YES_ERROR;
				GCC_WARN_UNDECLARED_SELECTOR = YES;
				GCC_WARN_UNINITIALIZED_AUTOS = YES_AGGRESSIVE;
				GCC_WARN_UNUSED_FUNCTION = YES;
				GCC_WARN_UNUSED_VARIABLE = YES;
				IPHONEOS_DEPLOYMENT_TARGET = 17.0;
				LOCALIZATION_PREFERS_STRING_CATALOGS = YES;
				MTL_ENABLE_DEBUG_INFO = NO;
				MTL_FAST_MATH = YES;
				SDKROOT = iphoneos;
				SWIFT_COMPILATION_MODE = wholemodule;
				VALIDATE_PRODUCT = YES;
			};
			name = Release;
		};
		0911CB072E7AA40C007AC615 /* Debug */ = {
			isa = XCBuildConfiguration;
			buildSettings = {
				ASSETCATALOG_COMPILER_APPICON_NAME = AppIcon;
				ASSETCATALOG_COMPILER_GLOBAL_ACCENT_COLOR_NAME = AccentColor;
				CODE_SIGN_STYLE = Automatic;
				CURRENT_PROJECT_VERSION = 1;
				DEVELOPMENT_ASSET_PATHS = "\"RijksmuseumAH/Preview Content\"";
				ENABLE_PREVIEWS = YES;
				GENERATE_INFOPLIST_FILE = YES;
				INFOPLIST_KEY_UIApplicationSceneManifest_Generation = YES;
				INFOPLIST_KEY_UIApplicationSupportsIndirectInputEvents = YES;
				INFOPLIST_KEY_UILaunchScreen_Generation = YES;
				INFOPLIST_KEY_UISupportedInterfaceOrientations_iPad = "UIInterfaceOrientationPortrait UIInterfaceOrientationPortraitUpsideDown UIInterfaceOrientationLandscapeLeft UIInterfaceOrientationLandscapeRight";
				INFOPLIST_KEY_UISupportedInterfaceOrientations_iPhone = "UIInterfaceOrientationPortrait UIInterfaceOrientationLandscapeLeft UIInterfaceOrientationLandscapeRight";
				LD_RUNPATH_SEARCH_PATHS = (
					"$(inherited)",
					"@executable_path/Frameworks",
				);
				MARKETING_VERSION = 1.0;
				PRODUCT_BUNDLE_IDENTIFIER = com.laurentiucociu.RijksmuseumAH;
				PRODUCT_NAME = "$(TARGET_NAME)";
				SWIFT_EMIT_LOC_STRINGS = YES;
				SWIFT_VERSION = 5.0;
				TARGETED_DEVICE_FAMILY = "1,2";
			};
			name = Debug;
		};
		0911CB082E7AA40C007AC615 /* Release */ = {
			isa = XCBuildConfiguration;
			buildSettings = {
				ASSETCATALOG_COMPILER_APPICON_NAME = AppIcon;
				ASSETCATALOG_COMPILER_GLOBAL_ACCENT_COLOR_NAME = AccentColor;
				CODE_SIGN_STYLE = Automatic;
				CURRENT_PROJECT_VERSION = 1;
				DEVELOPMENT_ASSET_PATHS = "\"RijksmuseumAH/Preview Content\"";
				ENABLE_PREVIEWS = YES;
				GENERATE_INFOPLIST_FILE = YES;
				INFOPLIST_KEY_UIApplicationSceneManifest_Generation = YES;
				INFOPLIST_KEY_UIApplicationSupportsIndirectInputEvents = YES;
				INFOPLIST_KEY_UILaunchScreen_Generation = YES;
				INFOPLIST_KEY_UISupportedInterfaceOrientations_iPad = "UIInterfaceOrientationPortrait UIInterfaceOrientationPortraitUpsideDown UIInterfaceOrientationLandscapeLeft UIInterfaceOrientationLandscapeRight";
				INFOPLIST_KEY_UISupportedInterfaceOrientations_iPhone = "UIInterfaceOrientationPortrait UIInterfaceOrientationLandscapeLeft UIInterfaceOrientationLandscapeRight";
				LD_RUNPATH_SEARCH_PATHS = (
					"$(inherited)",
					"@executable_path/Frameworks",
				);
				MARKETING_VERSION = 1.0;
				PRODUCT_BUNDLE_IDENTIFIER = com.laurentiucociu.RijksmuseumAH;
				PRODUCT_NAME = "$(TARGET_NAME)";
				SWIFT_EMIT_LOC_STRINGS = YES;
				SWIFT_VERSION = 5.0;
				TARGETED_DEVICE_FAMILY = "1,2";
			};
			name = Release;
		};
		0911CB0A2E7AA40C007AC615 /* Debug */ = {
			isa = XCBuildConfiguration;
			buildSettings = {
				ALWAYS_EMBED_SWIFT_STANDARD_LIBRARIES = YES;
				BUNDLE_LOADER = "$(TEST_HOST)";
				CODE_SIGN_STYLE = Automatic;
				CURRENT_PROJECT_VERSION = 1;
				GENERATE_INFOPLIST_FILE = YES;
				IPHONEOS_DEPLOYMENT_TARGET = 17.0;
				MARKETING_VERSION = 1.0;
				PRODUCT_BUNDLE_IDENTIFIER = com.laurentiucociu.RijksmuseumAHTests;
				PRODUCT_NAME = "$(TARGET_NAME)";
				SWIFT_EMIT_LOC_STRINGS = NO;
				SWIFT_VERSION = 5.0;
				TARGETED_DEVICE_FAMILY = "1,2";
				TEST_HOST = "$(BUILT_PRODUCTS_DIR)/RijksmuseumAH.app/$(BUNDLE_EXECUTABLE_FOLDER_PATH)/RijksmuseumAH";
			};
			name = Debug;
		};
		0911CB0B2E7AA40C007AC615 /* Release */ = {
			isa = XCBuildConfiguration;
			buildSettings = {
				ALWAYS_EMBED_SWIFT_STANDARD_LIBRARIES = YES;
				BUNDLE_LOADER = "$(TEST_HOST)";
				CODE_SIGN_STYLE = Automatic;
				CURRENT_PROJECT_VERSION = 1;
				GENERATE_INFOPLIST_FILE = YES;
				IPHONEOS_DEPLOYMENT_TARGET = 17.0;
				MARKETING_VERSION = 1.0;
				PRODUCT_BUNDLE_IDENTIFIER = com.laurentiucociu.RijksmuseumAHTests;
				PRODUCT_NAME = "$(TARGET_NAME)";
				SWIFT_EMIT_LOC_STRINGS = NO;
				SWIFT_VERSION = 5.0;
				TARGETED_DEVICE_FAMILY = "1,2";
				TEST_HOST = "$(BUILT_PRODUCTS_DIR)/RijksmuseumAH.app/$(BUNDLE_EXECUTABLE_FOLDER_PATH)/RijksmuseumAH";
			};
			name = Release;
		};
		0911CB0D2E7AA40C007AC615 /* Debug */ = {
			isa = XCBuildConfiguration;
			buildSettings = {
				ALWAYS_EMBED_SWIFT_STANDARD_LIBRARIES = YES;
				CODE_SIGN_STYLE = Automatic;
				CURRENT_PROJECT_VERSION = 1;
				GENERATE_INFOPLIST_FILE = YES;
				MARKETING_VERSION = 1.0;
				PRODUCT_BUNDLE_IDENTIFIER = com.laurentiucociu.RijksmuseumAHUITests;
				PRODUCT_NAME = "$(TARGET_NAME)";
				SWIFT_EMIT_LOC_STRINGS = NO;
				SWIFT_VERSION = 5.0;
				TARGETED_DEVICE_FAMILY = "1,2";
				TEST_TARGET_NAME = RijksmuseumAH;
			};
			name = Debug;
		};
		0911CB0E2E7AA40C007AC615 /* Release */ = {
			isa = XCBuildConfiguration;
			buildSettings = {
				ALWAYS_EMBED_SWIFT_STANDARD_LIBRARIES = YES;
				CODE_SIGN_STYLE = Automatic;
				CURRENT_PROJECT_VERSION = 1;
				GENERATE_INFOPLIST_FILE = YES;
				MARKETING_VERSION = 1.0;
				PRODUCT_BUNDLE_IDENTIFIER = com.laurentiucociu.RijksmuseumAHUITests;
				PRODUCT_NAME = "$(TARGET_NAME)";
				SWIFT_EMIT_LOC_STRINGS = NO;
				SWIFT_VERSION = 5.0;
				TARGETED_DEVICE_FAMILY = "1,2";
				TEST_TARGET_NAME = RijksmuseumAH;
			};
			name = Release;
		};
/* End XCBuildConfiguration section */

/* Begin XCConfigurationList section */
		0911CADD2E7AA40A007AC615 /* Build configuration list for PBXProject "RijksmuseumAH" */ = {
			isa = XCConfigurationList;
			buildConfigurations = (
				0911CB042E7AA40C007AC615 /* Debug */,
				0911CB052E7AA40C007AC615 /* Release */,
			);
			defaultConfigurationIsVisible = 0;
			defaultConfigurationName = Release;
		};
		0911CB062E7AA40C007AC615 /* Build configuration list for PBXNativeTarget "RijksmuseumAH" */ = {
			isa = XCConfigurationList;
			buildConfigurations = (
				0911CB072E7AA40C007AC615 /* Debug */,
				0911CB082E7AA40C007AC615 /* Release */,
			);
			defaultConfigurationIsVisible = 0;
			defaultConfigurationName = Release;
		};
		0911CB092E7AA40C007AC615 /* Build configuration list for PBXNativeTarget "RijksmuseumAHTests" */ = {
			isa = XCConfigurationList;
			buildConfigurations = (
				0911CB0A2E7AA40C007AC615 /* Debug */,
				0911CB0B2E7AA40C007AC615 /* Release */,
			);
			defaultConfigurationIsVisible = 0;
			defaultConfigurationName = Release;
		};
		0911CB0C2E7AA40C007AC615 /* Build configuration list for PBXNativeTarget "RijksmuseumAHUITests" */ = {
			isa = XCConfigurationList;
			buildConfigurations = (
				0911CB0D2E7AA40C007AC615 /* Debug */,
				0911CB0E2E7AA40C007AC615 /* Release */,
			);
			defaultConfigurationIsVisible = 0;
			defaultConfigurationName = Release;
		};
/* End XCConfigurationList section */
	};
	rootObject = 0911CADA2E7AA40A007AC615 /* Project object */;
}
